<?xml version="1.0" encoding="utf-8"?>
<Project ToolsVersion="4.0" xmlns="http://schemas.microsoft.com/developer/msbuild/2003">
  <ItemGroup>
    <ClInclude Include="..\Public\Engine_Defines.h">
      <Filter>99.Defines</Filter>
    </ClInclude>
    <ClInclude Include="..\Public\Engine_Enum.h">
      <Filter>99.Defines</Filter>
    </ClInclude>
    <ClInclude Include="..\Public\Engine_Function.h">
      <Filter>99.Defines</Filter>
    </ClInclude>
    <ClInclude Include="..\Public\Engine_Macro.h">
      <Filter>99.Defines</Filter>
    </ClInclude>
    <ClInclude Include="..\Public\Engine_Struct.h">
      <Filter>99.Defines</Filter>
    </ClInclude>
    <ClInclude Include="..\Public\Timer.h">
      <Filter>00.System\00.Timer</Filter>
    </ClInclude>
    <ClInclude Include="..\Public\Timer_Manager.h">
      <Filter>00.System\00.Timer\Manager</Filter>
    </ClInclude>
    <ClInclude Include="..\Public\GameInstance.h">
      <Filter>01.Utility\00.GameInstance</Filter>
    </ClInclude>
    <ClInclude Include="..\Public\Level.h">
      <Filter>01.Utility\01.Levels</Filter>
    </ClInclude>
    <ClInclude Include="..\Public\Level_Manager.h">
      <Filter>01.Utility\01.Levels\Manager</Filter>
    </ClInclude>
    <ClInclude Include="..\Public\Base.h">
      <Filter>01.Utility\99.SuperClass</Filter>
    </ClInclude>
    <ClInclude Include="..\public\GameObject.h">
      <Filter>01.Utility\03.GameObject</Filter>
    </ClInclude>
    <ClInclude Include="..\public\Component.h">
      <Filter>01.Utility\04.Components</Filter>
    </ClInclude>
    <ClInclude Include="..\public\Transform.h">
      <Filter>01.Utility\04.Components\Transform</Filter>
    </ClInclude>
    <ClInclude Include="..\Public\Prototype_Manager.h">
      <Filter>01.Utility\02.Prototype\Manager</Filter>
    </ClInclude>
    <ClInclude Include="..\Public\Object_Manager.h">
      <Filter>01.Utility\03.GameObject\Manager</Filter>
    </ClInclude>
    <ClInclude Include="..\Public\Layer.h">
      <Filter>01.Utility\03.GameObject\Manager\Layer</Filter>
    </ClInclude>
    <ClInclude Include="..\Public\Renderer.h">
      <Filter>01.Utility\05.Renderer</Filter>
    </ClInclude>
    <ClInclude Include="..\public\Texture.h">
      <Filter>01.Utility\04.Components\Texture</Filter>
    </ClInclude>
    <ClInclude Include="..\public\VIBuffer_Rect.h">
      <Filter>01.Utility\04.Components\VIBuffer\Rect</Filter>
    </ClInclude>
    <ClInclude Include="..\public\Shader.h">
      <Filter>01.Utility\04.Components\Shader</Filter>
    </ClInclude>
    <ClInclude Include="..\Public\Graphic_Device.h">
      <Filter>00.System\01.Device\Graphic</Filter>
    </ClInclude>
    <ClInclude Include="..\public\Input_Device.h">
      <Filter>00.System\01.Device\Input</Filter>
    </ClInclude>
    <ClInclude Include="..\public\Sound_Core.h">
      <Filter>00.System\01.Device\Sound\Core</Filter>
    </ClInclude>
    <ClInclude Include="..\public\Sound_Device.h">
      <Filter>00.System\01.Device\Sound</Filter>
    </ClInclude>
    <ClInclude Include="..\public\SoundController.h">
      <Filter>01.Utility\04.Components\SoundController</Filter>
    </ClInclude>
    <ClInclude Include="..\public\VIBuffer_Terrain.h">
      <Filter>01.Utility\04.Components\VIBuffer\Terrain</Filter>
    </ClInclude>
    <ClInclude Include="..\public\PipeLine.h">
      <Filter>01.Utility\06.PipeLine</Filter>
    </ClInclude>
    <ClInclude Include="..\public\Camera.h">
      <Filter>01.Utility\03.GameObject\Objects\Camera</Filter>
    </ClInclude>
    <ClInclude Include="..\public\VIBuffer.h">
      <Filter>01.Utility\04.Components\VIBuffer</Filter>
    </ClInclude>
    <ClInclude Include="..\public\Mesh.h">
      <Filter>01.Utility\04.Components\Model\Mesh</Filter>
    </ClInclude>
    <ClInclude Include="..\Public\Engine_Typedef.h">
      <Filter>99.Defines</Filter>
    </ClInclude>
    <ClInclude Include="..\public\Model.h">
      <Filter>01.Utility\04.Components\Model</Filter>
    </ClInclude>
    <ClInclude Include="..\public\Material.h">
      <Filter>01.Utility\04.Components\Model\Material</Filter>
    </ClInclude>
    <ClInclude Include="..\public\Bone.h">
      <Filter>01.Utility\04.Components\Model\Bone</Filter>
    </ClInclude>
    <ClInclude Include="..\public\Animation.h">
      <Filter>01.Utility\04.Components\Model\Animation</Filter>
    </ClInclude>
    <ClInclude Include="..\public\Channel.h">
      <Filter>01.Utility\04.Components\Model\Animation\Channel</Filter>
    </ClInclude>
    <ClInclude Include="..\public\Light.h">
      <Filter>01.Utility\08.Lights</Filter>
    </ClInclude>
    <ClInclude Include="..\public\Light_Manager.h">
      <Filter>01.Utility\08.Lights\Manager</Filter>
    </ClInclude>
    <ClInclude Include="..\public\PartObject.h">
      <Filter>01.Utility\03.GameObject\Objects\PartObject</Filter>
    </ClInclude>
    <ClInclude Include="..\public\ContainerObject.h">
      <Filter>01.Utility\03.GameObject\Objects\ContainerObject</Filter>
    </ClInclude>
    <ClInclude Include="..\public\Font_Manager.h">
      <Filter>01.Utility\09.Font\Manager</Filter>
    </ClInclude>
    <ClInclude Include="..\public\CustomFont.h">
      <Filter>01.Utility\09.Font</Filter>
    </ClInclude>
    <ClInclude Include="..\public\VIBuffer_Cube.h">
      <Filter>01.Utility\04.Components\VIBuffer\Cube</Filter>
    </ClInclude>
    <ClInclude Include="..\public\Collider.h">
      <Filter>01.Utility\04.Components\Collider</Filter>
    </ClInclude>
    <ClInclude Include="..\public\Bounding.h">
      <Filter>01.Utility\04.Components\Collider\Bounding</Filter>
    </ClInclude>
    <ClInclude Include="..\public\Bounding_AABB.h">
      <Filter>01.Utility\04.Components\Collider\Bounding\AABB</Filter>
    </ClInclude>
    <ClInclude Include="..\Public\Camera_Manager.h">
      <Filter>01.Utility\03.GameObject\Objects\Camera\Manager</Filter>
    </ClInclude>
    <ClInclude Include="..\Public\DebugDraw.h">
      <Filter>01.Utility\04.Components\Collider\DebugDraw</Filter>
    </ClInclude>
    <ClInclude Include="..\Public\Bounding_OBB.h">
      <Filter>01.Utility\04.Components\Collider\Bounding\OBB</Filter>
    </ClInclude>
    <ClInclude Include="..\Public\Bounding_Sphere.h">
      <Filter>01.Utility\04.Components\Collider\Bounding\Sphere</Filter>
    </ClInclude>
    <ClInclude Include="..\public\Collider_Manager.h">
      <Filter>01.Utility\04.Components\Collider\Manager</Filter>
    </ClInclude>
    <ClInclude Include="..\public\Navigation.h">
      <Filter>01.Utility\04.Components\Navigation</Filter>
    </ClInclude>
    <ClInclude Include="..\public\Cell.h">
      <Filter>01.Utility\04.Components\Navigation\Cell</Filter>
    </ClInclude>
    <ClInclude Include="..\public\VIBuffer_Cell.h">
      <Filter>01.Utility\04.Components\VIBuffer\Cell</Filter>
    </ClInclude>
    <ClInclude Include="..\Public\UIObject.h">
      <Filter>01.Utility\03.GameObject\Objects\UIObject</Filter>
    </ClInclude>
    <ClInclude Include="..\Public\Event_Signal.h">
      <Filter>01.Utility\10.Event</Filter>
    </ClInclude>
    <ClInclude Include="..\public\Event_Manager.h">
      <Filter>01.Utility\10.Event\Manager</Filter>
    </ClInclude>
    <ClInclude Include="..\public\VIBuffer_Instance.h">
      <Filter>01.Utility\04.Components\VIBuffer\Instance</Filter>
    </ClInclude>
    <ClInclude Include="..\public\VIBuffer_Rect_Instance.h">
      <Filter>01.Utility\04.Components\VIBuffer\Instance\Rect</Filter>
    </ClInclude>
    <ClInclude Include="..\public\VIBuffer_Point_Instance.h">
      <Filter>01.Utility\04.Components\VIBuffer\Instance\Point</Filter>
    </ClInclude>
    <ClInclude Include="..\public\RenderTarget.h">
      <Filter>01.Utility\11.RenderTargets</Filter>
    </ClInclude>
    <ClInclude Include="..\public\Target_Manager.h">
      <Filter>01.Utility\11.RenderTargets\Manager</Filter>
    </ClInclude>
    <ClInclude Include="..\public\VIBuffer_Point_Instance_Tool.h">
      <Filter>01.Utility\04.Components\VIBuffer\Instance\Tool</Filter>
    </ClInclude>
    <ClInclude Include="..\Public\VIBuffer_Mesh_Instance.h">
      <Filter>01.Utility\04.Components\VIBuffer\Instance\Mesh</Filter>
    </ClInclude>
    <ClInclude Include="..\public\Model_Instance.h">
      <Filter>01.Utility\04.Components\Model\Model_Instance</Filter>
    </ClInclude>
    <ClInclude Include="..\public\Model_Particle_Instance.h">
      <Filter>01.Utility\04.Components\Model\Model_Particle_Instance</Filter>
    </ClInclude>
    <ClInclude Include="..\public\VIBuffer_Mesh_Particle_Instance.h">
      <Filter>01.Utility\04.Components\VIBuffer\Instance\MeshParticle</Filter>
    </ClInclude>
    <ClInclude Include="..\public\RayPicking.h">
      <Filter>01.Utility\07.Picking\LayPicking</Filter>
    </ClInclude>
    <ClInclude Include="..\public\PixelPicking.h">
      <Filter>01.Utility\07.Picking\PixelPicking</Filter>
    </ClInclude>
  </ItemGroup>
  <ItemGroup>
    <ClCompile Include="..\Private\Timer.cpp">
      <Filter>00.System\00.Timer</Filter>
    </ClCompile>
    <ClCompile Include="..\Private\Timer_Manager.cpp">
      <Filter>00.System\00.Timer\Manager</Filter>
    </ClCompile>
    <ClCompile Include="..\Private\GameInstance.cpp">
      <Filter>01.Utility\00.GameInstance</Filter>
    </ClCompile>
    <ClCompile Include="..\Private\Level.cpp">
      <Filter>01.Utility\01.Levels</Filter>
    </ClCompile>
    <ClCompile Include="..\Private\Level_Manager.cpp">
      <Filter>01.Utility\01.Levels\Manager</Filter>
    </ClCompile>
    <ClCompile Include="..\Private\Base.cpp">
      <Filter>01.Utility\99.SuperClass</Filter>
    </ClCompile>
    <ClCompile Include="..\private\GameObject.cpp">
      <Filter>01.Utility\03.GameObject</Filter>
    </ClCompile>
    <ClCompile Include="..\private\Component.cpp">
      <Filter>01.Utility\04.Components</Filter>
    </ClCompile>
    <ClCompile Include="..\private\Transform.cpp">
      <Filter>01.Utility\04.Components\Transform</Filter>
    </ClCompile>
    <ClCompile Include="..\Private\Prototype_Manager.cpp">
      <Filter>01.Utility\02.Prototype\Manager</Filter>
    </ClCompile>
    <ClCompile Include="..\Private\Object_Manager.cpp">
      <Filter>01.Utility\03.GameObject\Manager</Filter>
    </ClCompile>
    <ClCompile Include="..\Private\Layer.cpp">
      <Filter>01.Utility\03.GameObject\Manager\Layer</Filter>
    </ClCompile>
    <ClCompile Include="..\Private\Renderer.cpp">
      <Filter>01.Utility\05.Renderer</Filter>
    </ClCompile>
    <ClCompile Include="..\private\Texture.cpp">
      <Filter>01.Utility\04.Components\Texture</Filter>
    </ClCompile>
    <ClCompile Include="..\private\VIBuffer.cpp">
      <Filter>01.Utility\04.Components\VIBuffer</Filter>
    </ClCompile>
    <ClCompile Include="..\private\VIBuffer_Rect.cpp">
      <Filter>01.Utility\04.Components\VIBuffer\Rect</Filter>
    </ClCompile>
    <ClCompile Include="..\private\Shader.cpp">
      <Filter>01.Utility\04.Components\Shader</Filter>
    </ClCompile>
    <ClCompile Include="..\Private\Graphic_Device.cpp">
      <Filter>00.System\01.Device\Graphic</Filter>
    </ClCompile>
    <ClCompile Include="..\private\Input_Device.cpp">
      <Filter>00.System\01.Device\Input</Filter>
    </ClCompile>
    <ClCompile Include="..\private\Sound_Core.cpp">
      <Filter>00.System\01.Device\Sound\Core</Filter>
    </ClCompile>
    <ClCompile Include="..\private\Sound_Device.cpp">
      <Filter>00.System\01.Device\Sound</Filter>
    </ClCompile>
    <ClCompile Include="..\private\SoundController.cpp">
      <Filter>01.Utility\04.Components\SoundController</Filter>
    </ClCompile>
    <ClCompile Include="..\private\VIBuffer_Terrain.cpp">
      <Filter>01.Utility\04.Components\VIBuffer\Terrain</Filter>
    </ClCompile>
    <ClCompile Include="..\Private\Engine_Struct.cpp">
      <Filter>99.Defines</Filter>
    </ClCompile>
    <ClCompile Include="..\private\PipeLine.cpp">
      <Filter>01.Utility\06.PipeLine</Filter>
    </ClCompile>
    <ClCompile Include="..\private\Camera.cpp">
      <Filter>01.Utility\03.GameObject\Objects\Camera</Filter>
    </ClCompile>
    <ClCompile Include="..\private\Mesh.cpp">
      <Filter>01.Utility\04.Components\Model\Mesh</Filter>
    </ClCompile>
    <ClCompile Include="..\private\Model.cpp">
      <Filter>01.Utility\04.Components\Model</Filter>
    </ClCompile>
    <ClCompile Include="..\private\Material.cpp">
      <Filter>01.Utility\04.Components\Model\Material</Filter>
    </ClCompile>
    <ClCompile Include="..\private\Bone.cpp">
      <Filter>01.Utility\04.Components\Model\Bone</Filter>
    </ClCompile>
    <ClCompile Include="..\private\Animation.cpp">
      <Filter>01.Utility\04.Components\Model\Animation</Filter>
    </ClCompile>
    <ClCompile Include="..\private\Channel.cpp">
      <Filter>01.Utility\04.Components\Model\Animation\Channel</Filter>
    </ClCompile>
    <ClCompile Include="..\private\Light.cpp">
      <Filter>01.Utility\08.Lights</Filter>
    </ClCompile>
    <ClCompile Include="..\private\Light_Manager.cpp">
      <Filter>01.Utility\08.Lights\Manager</Filter>
    </ClCompile>
    <ClCompile Include="..\private\PartObject.cpp">
      <Filter>01.Utility\03.GameObject\Objects\PartObject</Filter>
    </ClCompile>
    <ClCompile Include="..\private\ContainerObject.cpp">
      <Filter>01.Utility\03.GameObject\Objects\ContainerObject</Filter>
    </ClCompile>
    <ClCompile Include="..\private\Font_Manager.cpp">
      <Filter>01.Utility\09.Font\Manager</Filter>
    </ClCompile>
    <ClCompile Include="..\private\CustomFont.cpp">
      <Filter>01.Utility\09.Font</Filter>
    </ClCompile>
    <ClCompile Include="..\private\VIBuffer_Cube.cpp">
      <Filter>01.Utility\04.Components\VIBuffer\Cube</Filter>
    </ClCompile>
    <ClCompile Include="..\private\Collider.cpp">
      <Filter>01.Utility\04.Components\Collider</Filter>
    </ClCompile>
    <ClCompile Include="..\private\Bounding.cpp">
      <Filter>01.Utility\04.Components\Collider\Bounding</Filter>
    </ClCompile>
    <ClCompile Include="..\private\Bounding_AABB.cpp">
      <Filter>01.Utility\04.Components\Collider\Bounding\AABB</Filter>
    </ClCompile>
    <ClCompile Include="..\Private\Camera_Manager.cpp">
      <Filter>01.Utility\03.GameObject\Objects\Camera\Manager</Filter>
    </ClCompile>
    <ClCompile Include="..\Private\DebugDraw.cpp">
      <Filter>01.Utility\04.Components\Collider\DebugDraw</Filter>
    </ClCompile>
    <ClCompile Include="..\Private\Bounding_OBB.cpp">
      <Filter>01.Utility\04.Components\Collider\Bounding\OBB</Filter>
    </ClCompile>
    <ClCompile Include="..\Private\Bounding_Sphere.cpp">
      <Filter>01.Utility\04.Components\Collider\Bounding\Sphere</Filter>
    </ClCompile>
    <ClCompile Include="..\private\Collider_Manager.cpp">
      <Filter>01.Utility\04.Components\Collider\Manager</Filter>
    </ClCompile>
    <ClCompile Include="..\private\Navigation.cpp">
      <Filter>01.Utility\04.Components\Navigation</Filter>
    </ClCompile>
    <ClCompile Include="..\private\Cell.cpp">
      <Filter>01.Utility\04.Components\Navigation\Cell</Filter>
    </ClCompile>
    <ClCompile Include="..\private\VIBuffer_Cell.cpp">
      <Filter>01.Utility\04.Components\VIBuffer\Cell</Filter>
    </ClCompile>
    <ClCompile Include="..\Private\UIObject.cpp">
      <Filter>01.Utility\03.GameObject\Objects\UIObject</Filter>
    </ClCompile>
    <ClCompile Include="..\private\Event_Manager.cpp">
      <Filter>01.Utility\10.Event\Manager</Filter>
    </ClCompile>
    <ClCompile Include="..\private\VIBuffer_Instance.cpp">
      <Filter>01.Utility\04.Components\VIBuffer\Instance</Filter>
    </ClCompile>
    <ClCompile Include="..\private\VIBuffer_Rect_Instance.cpp">
      <Filter>01.Utility\04.Components\VIBuffer\Instance\Rect</Filter>
    </ClCompile>
    <ClCompile Include="..\private\VIBuffer_Point_Instance.cpp">
      <Filter>01.Utility\04.Components\VIBuffer\Instance\Point</Filter>
    </ClCompile>
    <ClCompile Include="..\private\RenderTarget.cpp">
      <Filter>01.Utility\11.RenderTargets</Filter>
    </ClCompile>
    <ClCompile Include="..\private\Target_Manager.cpp">
      <Filter>01.Utility\11.RenderTargets\Manager</Filter>
    </ClCompile>
    <ClCompile Include="..\private\VIBuffer_Point_Instance_Tool.cpp">
      <Filter>01.Utility\04.Components\VIBuffer\Instance\Tool</Filter>
    </ClCompile>
    <ClCompile Include="..\Private\VIBuffer_Mesh_Instance.cpp">
      <Filter>01.Utility\04.Components\VIBuffer\Instance\Mesh</Filter>
    </ClCompile>
    <ClCompile Include="..\private\Model_Instance.cpp">
      <Filter>01.Utility\04.Components\Model\Model_Instance</Filter>
    </ClCompile>
    <ClCompile Include="..\private\Model_Particle_Instance.cpp">
      <Filter>01.Utility\04.Components\Model\Model_Particle_Instance</Filter>
    </ClCompile>
    <ClCompile Include="..\private\VIBuffer_Mesh_Particle_Instance.cpp">
      <Filter>01.Utility\04.Components\VIBuffer\Instance\MeshParticle</Filter>
    </ClCompile>
    <ClCompile Include="..\private\RayPicking.cpp">
      <Filter>01.Utility\07.Picking\LayPicking</Filter>
    </ClCompile>
    <ClCompile Include="..\private\PixelPicking.cpp">
      <Filter>01.Utility\07.Picking\PixelPicking</Filter>
    </ClCompile>
  </ItemGroup>
  <ItemGroup>
    <Filter Include="00.System">
      <UniqueIdentifier>{77e8400c-7e49-43b9-b7f2-4012b62e40af}</UniqueIdentifier>
    </Filter>
    <Filter Include="99.Defines">
      <UniqueIdentifier>{87b361cb-36f4-4de0-b2de-23437e26b1b1}</UniqueIdentifier>
    </Filter>
    <Filter Include="01.Utility">
      <UniqueIdentifier>{fed3992d-9937-48d1-8232-e91946b44a26}</UniqueIdentifier>
    </Filter>
    <Filter Include="00.System\00.Timer">
      <UniqueIdentifier>{946ea1bd-a6ad-4124-9a42-7ea12e8c54a3}</UniqueIdentifier>
    </Filter>
    <Filter Include="00.System\01.Device">
      <UniqueIdentifier>{4c9717d9-4552-4b0f-8fd1-ee87f7864556}</UniqueIdentifier>
    </Filter>
    <Filter Include="00.System\00.Timer\Manager">
      <UniqueIdentifier>{ec7cea28-6755-4dff-8dc7-3ce238408752}</UniqueIdentifier>
    </Filter>
    <Filter Include="01.Utility\00.GameInstance">
      <UniqueIdentifier>{646a5b9e-b195-441c-b825-3c86f314f568}</UniqueIdentifier>
    </Filter>
    <Filter Include="01.Utility\01.Levels">
      <UniqueIdentifier>{d21271cb-09a3-42be-af80-9dcf2c19aff6}</UniqueIdentifier>
    </Filter>
    <Filter Include="01.Utility\01.Levels\Manager">
      <UniqueIdentifier>{234015e5-16ad-46c6-b584-e43a2fb240bd}</UniqueIdentifier>
    </Filter>
    <Filter Include="01.Utility\99.SuperClass">
      <UniqueIdentifier>{c5c38433-b538-4e7b-891b-4809c69188f3}</UniqueIdentifier>
    </Filter>
    <Filter Include="01.Utility\03.GameObject">
      <UniqueIdentifier>{8542546c-1517-43a4-a3ed-c7e1ed5245ec}</UniqueIdentifier>
    </Filter>
    <Filter Include="01.Utility\04.Components">
      <UniqueIdentifier>{c8ff5966-2bbf-4633-88d4-dec210ad2207}</UniqueIdentifier>
    </Filter>
    <Filter Include="01.Utility\04.Components\Transform">
      <UniqueIdentifier>{6b3d22a0-5c82-4ff4-a7fe-543e619d38f6}</UniqueIdentifier>
    </Filter>
    <Filter Include="01.Utility\02.Prototype">
      <UniqueIdentifier>{f2003fec-d67f-4dfa-9d00-37f2cc5ae785}</UniqueIdentifier>
    </Filter>
    <Filter Include="01.Utility\02.Prototype\Manager">
      <UniqueIdentifier>{83939bfb-3b9e-4816-a862-823cc6587eaa}</UniqueIdentifier>
    </Filter>
    <Filter Include="01.Utility\03.GameObject\Manager">
      <UniqueIdentifier>{e17836e9-69e8-4dbc-b7d8-d1f3c6833de2}</UniqueIdentifier>
    </Filter>
    <Filter Include="01.Utility\03.GameObject\Manager\Layer">
      <UniqueIdentifier>{6df43e77-90d3-457a-aa0d-aa49508dd202}</UniqueIdentifier>
    </Filter>
    <Filter Include="01.Utility\05.Renderer">
      <UniqueIdentifier>{0d3832bd-5ebb-4fd0-905d-86be2cb9312e}</UniqueIdentifier>
    </Filter>
    <Filter Include="01.Utility\04.Components\VIBuffer">
      <UniqueIdentifier>{9f19e31d-3f3f-48d9-86e0-6f57cdfc5f51}</UniqueIdentifier>
    </Filter>
    <Filter Include="01.Utility\04.Components\Shader">
      <UniqueIdentifier>{0060f3ae-96f6-4e24-8200-669951a3dd64}</UniqueIdentifier>
    </Filter>
    <Filter Include="01.Utility\04.Components\Texture">
      <UniqueIdentifier>{76fc654f-bc05-406b-aef7-f4d10b5b03e9}</UniqueIdentifier>
    </Filter>
    <Filter Include="01.Utility\04.Components\VIBuffer\Rect">
      <UniqueIdentifier>{53af95e2-85f3-423b-9f68-e44fb8699b33}</UniqueIdentifier>
    </Filter>
    <Filter Include="01.Utility\04.Components\VIBuffer\Terrain">
      <UniqueIdentifier>{fa1e61c2-9a46-4e5e-85bb-792ce9cc1bdf}</UniqueIdentifier>
    </Filter>
    <Filter Include="01.Utility\03.GameObject\Objects">
      <UniqueIdentifier>{f0653b6c-d07d-40f2-b0cd-d44ef142df4a}</UniqueIdentifier>
    </Filter>
    <Filter Include="01.Utility\03.GameObject\Objects\ContainerObject">
      <UniqueIdentifier>{10b3f85d-b644-4321-94f2-2fe6bbe2a0c0}</UniqueIdentifier>
    </Filter>
    <Filter Include="01.Utility\03.GameObject\Objects\LandObject">
      <UniqueIdentifier>{3246c33d-9263-4009-8913-8f1e140c9141}</UniqueIdentifier>
    </Filter>
    <Filter Include="01.Utility\03.GameObject\Objects\PartObject">
      <UniqueIdentifier>{9f6731d3-813b-4d38-8f21-643026cac9c6}</UniqueIdentifier>
    </Filter>
    <Filter Include="01.Utility\03.GameObject\Objects\UIObject">
      <UniqueIdentifier>{6f517254-be23-4dbb-83de-90812423edc9}</UniqueIdentifier>
    </Filter>
    <Filter Include="00.System\01.Device\Graphic">
      <UniqueIdentifier>{9d5f0171-0d19-4887-bda6-c437406bed1d}</UniqueIdentifier>
    </Filter>
    <Filter Include="00.System\01.Device\Input">
      <UniqueIdentifier>{ac403eaa-9d76-4719-a883-e59600d35761}</UniqueIdentifier>
    </Filter>
    <Filter Include="00.System\01.Device\Sound">
      <UniqueIdentifier>{09496aba-8fcb-4310-8d83-afa2bd8a62e7}</UniqueIdentifier>
    </Filter>
    <Filter Include="00.System\01.Device\Sound\Core">
      <UniqueIdentifier>{1c769975-542f-4d16-a9f2-ee231511e1ab}</UniqueIdentifier>
    </Filter>
    <Filter Include="01.Utility\04.Components\SoundController">
      <UniqueIdentifier>{77182893-bd9f-4cd2-a848-d47ebd55e32d}</UniqueIdentifier>
    </Filter>
    <Filter Include="01.Utility\06.PipeLine">
      <UniqueIdentifier>{dddb0da1-4f9b-4a2c-ae79-4752dfd1ee79}</UniqueIdentifier>
    </Filter>
    <Filter Include="01.Utility\07.Picking">
      <UniqueIdentifier>{5d7692f8-6625-438d-8ff1-99fd3e888c25}</UniqueIdentifier>
    </Filter>
    <Filter Include="01.Utility\03.GameObject\Objects\Camera">
      <UniqueIdentifier>{8deeb668-8e27-4f46-83da-7a7ec29f4c2e}</UniqueIdentifier>
    </Filter>
    <Filter Include="01.Utility\04.Components\Model">
      <UniqueIdentifier>{a08fc9eb-abc3-4fdb-80cb-7e0f3b4aec7f}</UniqueIdentifier>
    </Filter>
    <Filter Include="01.Utility\04.Components\Model\Mesh">
      <UniqueIdentifier>{990bc2b7-956d-4818-920c-f0e9af8eeab4}</UniqueIdentifier>
    </Filter>
    <Filter Include="01.Utility\04.Components\Model\Material">
      <UniqueIdentifier>{0ea3bad4-3feb-49e8-9d4e-f2c57ea148d9}</UniqueIdentifier>
    </Filter>
    <Filter Include="01.Utility\04.Components\Model\Bone">
      <UniqueIdentifier>{a0164125-0bc2-479f-981d-bb3dded8c0f6}</UniqueIdentifier>
    </Filter>
    <Filter Include="01.Utility\04.Components\Model\Animation">
      <UniqueIdentifier>{24a2b135-61c4-4773-ac6a-6feccf6d4378}</UniqueIdentifier>
    </Filter>
    <Filter Include="01.Utility\04.Components\Model\Animation\Channel">
      <UniqueIdentifier>{fd79f7ce-977a-4f56-af37-07848f8c5c8b}</UniqueIdentifier>
    </Filter>
    <Filter Include="01.Utility\08.Lights">
      <UniqueIdentifier>{9298422f-26dc-4d7a-a141-5a1bd60c7564}</UniqueIdentifier>
    </Filter>
    <Filter Include="01.Utility\08.Lights\Manager">
      <UniqueIdentifier>{0153579a-e3b2-4a15-b661-8478898194d1}</UniqueIdentifier>
    </Filter>
    <Filter Include="01.Utility\09.Font">
      <UniqueIdentifier>{53c49e35-cc64-408c-a874-b5d45bb1e2da}</UniqueIdentifier>
    </Filter>
    <Filter Include="01.Utility\09.Font\Manager">
      <UniqueIdentifier>{386a3a1e-6eb3-4b38-a819-0002dcb3fd9d}</UniqueIdentifier>
    </Filter>
    <Filter Include="01.Utility\98.ShaderFiles">
      <UniqueIdentifier>{76bfd37b-c601-4f4b-8bf1-93545ba18198}</UniqueIdentifier>
    </Filter>
    <Filter Include="01.Utility\04.Components\VIBuffer\Cube">
      <UniqueIdentifier>{f1c8af73-205d-4393-9c3b-c6e86700baf3}</UniqueIdentifier>
    </Filter>
    <Filter Include="01.Utility\04.Components\Collider">
      <UniqueIdentifier>{e3599a5c-4c1c-48ba-915e-42ca095bf360}</UniqueIdentifier>
    </Filter>
    <Filter Include="01.Utility\04.Components\Collider\Bounding">
      <UniqueIdentifier>{2d354566-ef0f-4ef2-a044-4e6ef1203df4}</UniqueIdentifier>
    </Filter>
    <Filter Include="01.Utility\04.Components\Collider\Bounding\AABB">
      <UniqueIdentifier>{59abb604-2d0b-4458-b2a4-a708772ab7be}</UniqueIdentifier>
    </Filter>
    <Filter Include="01.Utility\04.Components\Collider\Bounding\OBB">
      <UniqueIdentifier>{0ade86c1-b3db-4ffe-ac01-c18bf2062d37}</UniqueIdentifier>
    </Filter>
    <Filter Include="01.Utility\04.Components\Collider\Bounding\Sphere">
      <UniqueIdentifier>{bdab3695-cd16-4dce-976b-e11b53ddc5f8}</UniqueIdentifier>
    </Filter>
    <Filter Include="01.Utility\03.GameObject\Objects\Camera\Manager">
      <UniqueIdentifier>{8eb58df7-4073-4e8d-a4cc-0335e44a49cf}</UniqueIdentifier>
    </Filter>
    <Filter Include="01.Utility\04.Components\Collider\DebugDraw">
      <UniqueIdentifier>{e8795063-b873-42dd-8272-90d9f35ed6d8}</UniqueIdentifier>
    </Filter>
    <Filter Include="01.Utility\04.Components\Collider\Manager">
      <UniqueIdentifier>{8cc335e6-bdf4-4fc6-9adc-b3faf74ea161}</UniqueIdentifier>
    </Filter>
    <Filter Include="01.Utility\04.Components\Navigation">
      <UniqueIdentifier>{5c485b81-5195-4194-9e41-b367e3096a5a}</UniqueIdentifier>
    </Filter>
    <Filter Include="01.Utility\04.Components\Navigation\Cell">
      <UniqueIdentifier>{8f3864c0-bf9b-4c2b-837a-69c2d059f08b}</UniqueIdentifier>
    </Filter>
    <Filter Include="01.Utility\04.Components\VIBuffer\Cell">
      <UniqueIdentifier>{cc08865c-daab-4bbc-ba06-8dc6b4b19282}</UniqueIdentifier>
    </Filter>
    <Filter Include="01.Utility\10.Event">
      <UniqueIdentifier>{a6ff5354-7118-4ebb-8ad5-60da09992cc8}</UniqueIdentifier>
    </Filter>
    <Filter Include="01.Utility\10.Event\Manager">
      <UniqueIdentifier>{c3c68073-890b-4a02-a678-b3307e4fbb23}</UniqueIdentifier>
    </Filter>
    <Filter Include="01.Utility\04.Components\VIBuffer\Instance">
      <UniqueIdentifier>{dd7fed50-c0e0-4df6-b018-282467ced346}</UniqueIdentifier>
    </Filter>
    <Filter Include="01.Utility\04.Components\VIBuffer\Instance\Rect">
      <UniqueIdentifier>{959e4c84-8482-4f63-9f37-cb6e3f0c42cc}</UniqueIdentifier>
    </Filter>
    <Filter Include="01.Utility\04.Components\VIBuffer\Instance\Point">
      <UniqueIdentifier>{f6ea9c9e-d18e-4bf4-a85c-1d236373b518}</UniqueIdentifier>
    </Filter>
    <Filter Include="01.Utility\11.RenderTargets">
      <UniqueIdentifier>{7755ef96-ee09-4c98-9cc8-c783010363f3}</UniqueIdentifier>
    </Filter>
    <Filter Include="01.Utility\11.RenderTargets\Manager">
      <UniqueIdentifier>{0a8e0b9d-1189-41e6-b002-b5fde81de839}</UniqueIdentifier>
    </Filter>
    <Filter Include="01.Utility\04.Components\VIBuffer\Instance\Tool">
      <UniqueIdentifier>{e31d02b6-8f4d-4735-868b-49917879a80f}</UniqueIdentifier>
    </Filter>
    <Filter Include="01.Utility\04.Components\VIBuffer\Instance\Mesh">
      <UniqueIdentifier>{b26a3c1e-9705-4931-8890-96623a043855}</UniqueIdentifier>
    </Filter>
    <Filter Include="01.Utility\04.Components\Model\Model_Instance">
      <UniqueIdentifier>{f393a849-cfe0-42f0-9eb8-c2fc286f1783}</UniqueIdentifier>
    </Filter>
    <Filter Include="01.Utility\04.Components\Model\Model_Particle_Instance">
      <UniqueIdentifier>{541adb34-ca4f-4b60-9b8e-5e7645161c66}</UniqueIdentifier>
    </Filter>
    <Filter Include="01.Utility\04.Components\VIBuffer\Instance\MeshParticle">
      <UniqueIdentifier>{4a61a20b-0288-4332-b522-d4f6cfa18fce}</UniqueIdentifier>
    </Filter>
    <Filter Include="01.Utility\07.Picking\LayPicking">
      <UniqueIdentifier>{7e89ed9a-a9b9-49a0-b12e-be7e3853460f}</UniqueIdentifier>
    </Filter>
    <Filter Include="01.Utility\07.Picking\PixelPicking">
      <UniqueIdentifier>{1d505fc4-34ba-48f9-9b47-585e88b3aed5}</UniqueIdentifier>
    </Filter>
    <Filter Include="01.Utility\03.GameObject\Objects\BlendObject">
      <UniqueIdentifier>{92c16ed6-c8f2-4ced-9d55-8a49f6fa9443}</UniqueIdentifier>
    </Filter>
  </ItemGroup>
  <ItemGroup>
    <None Include="..\Bin\ShaderFiles\Engine_Shader_Defines.hlsli">
      <Filter>01.Utility\98.ShaderFiles</Filter>
    </None>
  </ItemGroup>
  <ItemGroup>
    <FxCompile Include="..\Bin\ShaderFiles\Shader_Cell.hlsl">
      <Filter>01.Utility\98.ShaderFiles</Filter>
    </FxCompile>
    <FxCompile Include="..\Bin\ShaderFiles\Shader_Deferred.hlsl">
      <Filter>01.Utility\98.ShaderFiles</Filter>
    </FxCompile>
  </ItemGroup>
</Project>