<?xml version="1.0" encoding="utf-8"?>
<Project ToolsVersion="4.0" xmlns="http://schemas.microsoft.com/developer/msbuild/2003">
  <ItemGroup>
    <Filter Include="98.Default">
      <UniqueIdentifier>{e4b14c11-52df-475b-b837-3a232685c010}</UniqueIdentifier>
    </Filter>
    <Filter Include="99.Defines">
      <UniqueIdentifier>{72444e1a-0502-4c74-8392-c8e6a1e89ed0}</UniqueIdentifier>
    </Filter>
    <Filter Include="00.MainApp">
      <UniqueIdentifier>{ffac1f7d-cb22-4ce8-a7fd-43cfb62fb4db}</UniqueIdentifier>
    </Filter>
    <Filter Include="98.Default\ImGui">
      <UniqueIdentifier>{3b343540-35d5-43e2-a8bd-eef56e077afc}</UniqueIdentifier>
    </Filter>
    <Filter Include="97.ShaderFiles">
      <UniqueIdentifier>{8b389071-2970-486f-ae35-dfa68ad7e440}</UniqueIdentifier>
    </Filter>
    <Filter Include="01.Levels">
      <UniqueIdentifier>{3b3aeff7-5170-4d23-a6bc-ca661d804d84}</UniqueIdentifier>
    </Filter>
    <Filter Include="01.Levels\Logo">
      <UniqueIdentifier>{fc8ef11a-d4da-4fb2-acd6-da87cf54da78}</UniqueIdentifier>
    </Filter>
    <Filter Include="01.Levels\Loading">
      <UniqueIdentifier>{d77e9a5c-f9dd-469f-9e4a-e102f2dc83a4}</UniqueIdentifier>
    </Filter>
    <Filter Include="01.Levels\Loading\Loader">
      <UniqueIdentifier>{09b33f93-851a-4e38-8e8a-83626e4878cb}</UniqueIdentifier>
    </Filter>
    <Filter Include="02.GameObjects">
      <UniqueIdentifier>{20fdda87-6d06-4fb1-94f1-5b9d3e443aa5}</UniqueIdentifier>
    </Filter>
    <Filter Include="02.GameObjects\00.UI">
      <UniqueIdentifier>{cee8699e-142b-4541-9af4-e12332fd0eb4}</UniqueIdentifier>
    </Filter>
    <Filter Include="02.GameObjects\02.Camera">
      <UniqueIdentifier>{f62598e1-b116-413f-9218-fbb7221cbdd0}</UniqueIdentifier>
    </Filter>
    <Filter Include="02.GameObjects\00.UI\01.Button">
      <UniqueIdentifier>{e8dd86c2-6ab2-4d41-ad8a-a62041ad8fbb}</UniqueIdentifier>
    </Filter>
    <Filter Include="02.GameObjects\00.UI\02.PlayerState">
      <UniqueIdentifier>{acdd028d-888d-43d1-96ea-514ea2c6ee04}</UniqueIdentifier>
    </Filter>
    <Filter Include="02.GameObjects\00.UI\04.MobState">
      <UniqueIdentifier>{33264931-0c65-41a0-9a43-974ab3204344}</UniqueIdentifier>
    </Filter>
    <Filter Include="02.GameObjects\04.Map">
      <UniqueIdentifier>{26dc3e7e-1574-4f70-90af-5b0c5848f0ef}</UniqueIdentifier>
    </Filter>
    <Filter Include="02.GameObjects\04.Map\00.Courtyard">
      <UniqueIdentifier>{ee6b9821-d2cd-4a6e-8ee5-9a6c73fe0a0f}</UniqueIdentifier>
    </Filter>
    <Filter Include="02.GameObjects\04.Map\02.Arena">
      <UniqueIdentifier>{1922877c-92a0-4558-9d05-567519a7ec2f}</UniqueIdentifier>
    </Filter>
    <Filter Include="02.GameObjects\04.Map\01.Main">
      <UniqueIdentifier>{1c64d770-9a05-4831-abdd-84cf98a096a5}</UniqueIdentifier>
    </Filter>
    <Filter Include="02.GameObjects\05.Environment_Objects">
      <UniqueIdentifier>{d5f68ddd-4dc1-4375-b941-64b6d6e60b6c}</UniqueIdentifier>
    </Filter>
    <Filter Include="02.GameObjects\05.Environment_Objects\01.Bush">
      <UniqueIdentifier>{01fcf423-8e55-44eb-a414-6872db827ffb}</UniqueIdentifier>
    </Filter>
    <Filter Include="02.GameObjects\05.Environment_Objects\00.Grass">
      <UniqueIdentifier>{3121e689-921e-4fd9-baf6-33489b7b51e0}</UniqueIdentifier>
    </Filter>
    <Filter Include="02.GameObjects\05.Environment_Objects\02.CheckPoint">
      <UniqueIdentifier>{2d7b8845-30fa-4f80-b368-7a9173d644e4}</UniqueIdentifier>
    </Filter>
    <Filter Include="01.Levels\Tools">
      <UniqueIdentifier>{83f920ac-2c4c-4a14-9b66-269354c366cf}</UniqueIdentifier>
    </Filter>
    <Filter Include="02.GameObjects\04.Map\03.Shop">
      <UniqueIdentifier>{de916087-4383-40af-97a1-a29776f147fd}</UniqueIdentifier>
    </Filter>
    <Filter Include="01.Levels\00.Courtyard">
      <UniqueIdentifier>{f3dfb631-d45a-48ca-8e5f-c4776009a0f8}</UniqueIdentifier>
    </Filter>
    <Filter Include="01.Levels\02.Arena">
      <UniqueIdentifier>{75bdb590-860d-44a4-81df-40fed26ccf41}</UniqueIdentifier>
    </Filter>
    <Filter Include="01.Levels\03.Shop">
      <UniqueIdentifier>{761424b8-9ac0-46f5-b977-1d3a3173d8c7}</UniqueIdentifier>
    </Filter>
    <Filter Include="02.GameObjects\05.Environment_Objects\04.Chest">
      <UniqueIdentifier>{226a477c-3d92-46e4-a670-4e0c14407949}</UniqueIdentifier>
    </Filter>
    <Filter Include="02.GameObjects\02.Camera\Camera_Free">
      <UniqueIdentifier>{dd439121-a541-4f8d-a76a-45b3b5d641dc}</UniqueIdentifier>
    </Filter>
    <Filter Include="02.GameObjects\02.Camera\Camera_TPS">
      <UniqueIdentifier>{97e7a38c-428b-43ee-a37a-d122f2b03502}</UniqueIdentifier>
    </Filter>
    <Filter Include="96.Tools">
      <UniqueIdentifier>{7812b788-45ee-4a11-b8cc-777b8842ec37}</UniqueIdentifier>
    </Filter>
    <Filter Include="02.GameObjects\05.Environment_Objects\00.Grass\Body">
      <UniqueIdentifier>{91a919f0-fb8c-48af-80d9-29e0eb10dba7}</UniqueIdentifier>
    </Filter>
    <Filter Include="02.GameObjects\05.Environment_Objects\01.Bush\Body">
      <UniqueIdentifier>{37a0ec89-35ac-4003-9b29-8145d999b3a8}</UniqueIdentifier>
    </Filter>
    <Filter Include="02.GameObjects\05.Environment_Objects\02.CheckPoint\Body">
      <UniqueIdentifier>{570c83ab-159a-4e0c-a527-636f055cb471}</UniqueIdentifier>
    </Filter>
    <Filter Include="02.GameObjects\05.Environment_Objects\04.Chest\Body">
      <UniqueIdentifier>{6a275086-9851-4651-a708-f79968b94766}</UniqueIdentifier>
    </Filter>
    <Filter Include="02.GameObjects\01.BackGround">
      <UniqueIdentifier>{884837aa-a848-424d-9774-06961550e5ba}</UniqueIdentifier>
    </Filter>
    <Filter Include="02.GameObjects\02.Camera\Camera_CutScene">
      <UniqueIdentifier>{5676f453-d74f-4938-9b07-9f9821224c97}</UniqueIdentifier>
    </Filter>
    <Filter Include="02.GameObjects\05.Environment_Objects\Body">
      <UniqueIdentifier>{706e1dd6-fdeb-450f-9ed5-4a5b324d066e}</UniqueIdentifier>
    </Filter>
    <Filter Include="02.GameObjects\03.Actor">
      <UniqueIdentifier>{39011a95-0efb-4f13-b750-fb89c5b9672f}</UniqueIdentifier>
    </Filter>
    <Filter Include="02.GameObjects\03.Actor\Monsters">
      <UniqueIdentifier>{37157f77-26db-43b1-91fa-7f5d56fed923}</UniqueIdentifier>
    </Filter>
    <Filter Include="02.GameObjects\03.Actor\Monsters\02.Wizard">
      <UniqueIdentifier>{2ed5755e-46f7-46e2-becd-ae46f84523f4}</UniqueIdentifier>
    </Filter>
    <Filter Include="02.GameObjects\03.Actor\Monsters\02.Wizard\00. Candleabra">
      <UniqueIdentifier>{4cd31df0-c2d4-4b0e-b34e-b0b3f7a1d42e}</UniqueIdentifier>
    </Filter>
    <Filter Include="02.GameObjects\03.Actor\Monsters\02.Wizard\01. Support">
      <UniqueIdentifier>{be378bc8-0e22-4f86-a8f8-e30d87453b9f}</UniqueIdentifier>
    </Filter>
    <Filter Include="02.GameObjects\03.Actor\Monsters\02.Wizard\02. Sword">
      <UniqueIdentifier>{45c0bdea-2f0c-46b6-805b-c19501147a6b}</UniqueIdentifier>
    </Filter>
    <Filter Include="02.GameObjects\03.Actor\Monsters\02.Wizard\State">
      <UniqueIdentifier>{5103ca6d-9e53-4a52-9796-5fdc685554c6}</UniqueIdentifier>
    </Filter>
    <Filter Include="02.GameObjects\03.Actor\Monsters\02.Wizard\State\Candleabra">
      <UniqueIdentifier>{6788a5d5-cce3-4642-8f09-d209c9d22467}</UniqueIdentifier>
    </Filter>
    <Filter Include="02.GameObjects\03.Actor\Monsters\02.Wizard\State\Sword">
      <UniqueIdentifier>{3fa5e618-79aa-4fac-9671-8cf061b8965b}</UniqueIdentifier>
    </Filter>
    <Filter Include="02.GameObjects\03.Actor\Monsters\02.Wizard\State\Support">
      <UniqueIdentifier>{27f7f9e3-bdef-47d0-823e-fa15693a094c}</UniqueIdentifier>
    </Filter>
    <Filter Include="02.GameObjects\03.Actor\Monsters\02.Wizard\PartObjects">
      <UniqueIdentifier>{6eeb7246-5c76-4ea2-8743-c7742d6c7786}</UniqueIdentifier>
    </Filter>
    <Filter Include="02.GameObjects\03.Actor\Monsters\02.Wizard\PartObjects\Body">
      <UniqueIdentifier>{7d1924e6-5f39-4a16-8c26-debc668973b3}</UniqueIdentifier>
    </Filter>
    <Filter Include="02.GameObjects\03.Actor\Monsters\02.Wizard\PartObjects\Body\Candleabra">
      <UniqueIdentifier>{46a99504-774b-4a85-a6bc-15a6bc4cedd5}</UniqueIdentifier>
    </Filter>
    <Filter Include="02.GameObjects\03.Actor\Monsters\02.Wizard\PartObjects\Body\Support">
      <UniqueIdentifier>{f1ea60cf-e6b0-4bc8-8700-f57848e86276}</UniqueIdentifier>
    </Filter>
    <Filter Include="02.GameObjects\03.Actor\Monsters\02.Wizard\PartObjects\Body\Sword">
      <UniqueIdentifier>{7b4c80a8-990c-4d77-9c94-bd0a1bfd40d7}</UniqueIdentifier>
    </Filter>
    <Filter Include="02.GameObjects\03.Actor\Monsters\02.Wizard\PartObjects\Weapons">
      <UniqueIdentifier>{f1c9c5f6-2dbf-45ce-aa0f-fd0126780e11}</UniqueIdentifier>
    </Filter>
    <Filter Include="02.GameObjects\03.Actor\Monsters\02.Wizard\PartObjects\Weapons\Candleabra">
      <UniqueIdentifier>{bf22463e-b3d3-4776-924a-9d8e13132c98}</UniqueIdentifier>
    </Filter>
    <Filter Include="02.GameObjects\03.Actor\Monsters\02.Wizard\PartObjects\Weapons\Sword">
      <UniqueIdentifier>{7f0d5e27-10ca-4b93-b27e-73aa6ed13497}</UniqueIdentifier>
    </Filter>
    <Filter Include="02.GameObjects\03.Actor\Monsters\02.Wizard\PartObjects\Weapons\Staff">
      <UniqueIdentifier>{e689c07c-70bc-4a92-b94b-fbc9cb91f421}</UniqueIdentifier>
    </Filter>
    <Filter Include="02.GameObjects\03.Actor\Monsters\01.Blob">
      <UniqueIdentifier>{6dd7fe3a-3db7-407b-b5dd-a1760c529641}</UniqueIdentifier>
    </Filter>
    <Filter Include="02.GameObjects\03.Actor\Monsters\01.Blob\State">
      <UniqueIdentifier>{547b62b2-8b9e-4477-8599-2a4a3a3b9fe1}</UniqueIdentifier>
    </Filter>
    <Filter Include="02.GameObjects\03.Actor\Monsters\01.Blob\Body">
      <UniqueIdentifier>{b28d4db8-20a2-4af4-804c-c248659e00e3}</UniqueIdentifier>
    </Filter>
    <Filter Include="02.GameObjects\03.Actor\Player">
      <UniqueIdentifier>{1c5abdf3-a3a6-4378-b0e1-ad6e2baf21c9}</UniqueIdentifier>
    </Filter>
    <Filter Include="02.GameObjects\03.Actor\Player\State">
      <UniqueIdentifier>{fd392b1e-16e0-4bb9-8427-f6f1c3b47ff7}</UniqueIdentifier>
    </Filter>
    <Filter Include="02.GameObjects\03.Actor\Player\State\Ladder">
      <UniqueIdentifier>{c464a575-1cb1-4550-87cd-05474bc7ecc0}</UniqueIdentifier>
    </Filter>
    <Filter Include="02.GameObjects\03.Actor\Player\State\CoinFlip">
      <UniqueIdentifier>{440e516f-6408-4c38-a2d9-6a73aa6c4f48}</UniqueIdentifier>
    </Filter>
    <Filter Include="02.GameObjects\03.Actor\Player\State\Eat">
      <UniqueIdentifier>{4e1f73b9-fdae-41af-86e4-04c3520dc27f}</UniqueIdentifier>
    </Filter>
    <Filter Include="02.GameObjects\03.Actor\Player\State\Interaction">
      <UniqueIdentifier>{54146e02-55ce-4e1f-a76a-781a9e63901d}</UniqueIdentifier>
    </Filter>
    <Filter Include="02.GameObjects\03.Actor\Player\State\Attack">
      <UniqueIdentifier>{8cbbb533-4d5e-4e18-b376-9df44255655e}</UniqueIdentifier>
    </Filter>
    <Filter Include="02.GameObjects\03.Actor\Player\State\Attack\AttackStrategy">
      <UniqueIdentifier>{0c1d460e-ea77-4d2c-bfcd-694773e37063}</UniqueIdentifier>
    </Filter>
    <Filter Include="02.GameObjects\03.Actor\Player\State\CutScene">
      <UniqueIdentifier>{25a72428-f3f9-40bb-815d-58e7a5f145ab}</UniqueIdentifier>
    </Filter>
    <Filter Include="02.GameObjects\03.Actor\Player\State\CutScene\Player_Dance">
      <UniqueIdentifier>{eb6ca965-2f56-43ba-923c-be93f02f5a59}</UniqueIdentifier>
    </Filter>
    <Filter Include="02.GameObjects\03.Actor\Player\State\CutScene\Player_WakeUp">
      <UniqueIdentifier>{75f450ee-7b2c-470e-87df-06767dc0d661}</UniqueIdentifier>
    </Filter>
    <Filter Include="02.GameObjects\03.Actor\Player\State\Die">
      <UniqueIdentifier>{ce1a33ce-3caf-46e6-9981-67d239273594}</UniqueIdentifier>
    </Filter>
    <Filter Include="02.GameObjects\03.Actor\Player\State\Dodge">
      <UniqueIdentifier>{c6ca0069-05ad-4b21-bcb2-48dc9f71546b}</UniqueIdentifier>
    </Filter>
    <Filter Include="02.GameObjects\03.Actor\Player\State\GetUp">
      <UniqueIdentifier>{2a073e20-3c09-45f0-8b87-d335786c2c1d}</UniqueIdentifier>
    </Filter>
    <Filter Include="02.GameObjects\03.Actor\Player\State\Hit">
      <UniqueIdentifier>{3c1e4225-e571-405d-8b89-99b883633c26}</UniqueIdentifier>
    </Filter>
    <Filter Include="02.GameObjects\03.Actor\Player\State\Idle">
      <UniqueIdentifier>{a55b01da-4705-44b3-b57b-18d47a028e64}</UniqueIdentifier>
    </Filter>
    <Filter Include="02.GameObjects\03.Actor\Player\State\Move">
      <UniqueIdentifier>{ef6a9a5a-e06f-40e1-ad2d-1d97a5ec2c59}</UniqueIdentifier>
    </Filter>
    <Filter Include="02.GameObjects\03.Actor\Player\State\Parry">
      <UniqueIdentifier>{439123ab-20d3-4162-8af0-e87665a56877}</UniqueIdentifier>
    </Filter>
    <Filter Include="02.GameObjects\03.Actor\Player\State\Sprint">
      <UniqueIdentifier>{fa6d62b7-1254-4074-8d08-e29aa75a126a}</UniqueIdentifier>
    </Filter>
    <Filter Include="02.GameObjects\03.Actor\Player\State\Toss">
      <UniqueIdentifier>{e30f3f4d-b972-440b-bbd2-b5b5f93e051f}</UniqueIdentifier>
    </Filter>
    <Filter Include="02.GameObjects\03.Actor\Player\State\UsePotion">
      <UniqueIdentifier>{8a1a186d-c05d-4f80-9088-92ac41b7da57}</UniqueIdentifier>
    </Filter>
    <Filter Include="02.GameObjects\03.Actor\Player\Part">
      <UniqueIdentifier>{a0a60c31-5070-4c41-8e65-4285acbad62e}</UniqueIdentifier>
    </Filter>
    <Filter Include="02.GameObjects\03.Actor\Player\Part\Body">
      <UniqueIdentifier>{406309c7-f51e-41b2-837e-f1003f11d560}</UniqueIdentifier>
    </Filter>
    <Filter Include="02.GameObjects\03.Actor\Player\Part\Weapon">
      <UniqueIdentifier>{18702f0a-a4ac-44c0-97b7-a8b65d047a6b}</UniqueIdentifier>
    </Filter>
    <Filter Include="02.GameObjects\01.BackGround\00.BackGround">
      <UniqueIdentifier>{517eb494-a7a3-40c2-95e0-858f13d8d0a9}</UniqueIdentifier>
    </Filter>
    <Filter Include="02.GameObjects\01.BackGround\01.Terrain">
      <UniqueIdentifier>{78620c5c-7bbf-48ed-83e1-2b4beaeb7d27}</UniqueIdentifier>
    </Filter>
    <Filter Include="02.GameObjects\01.BackGround\02.Sky">
      <UniqueIdentifier>{61ad6a7e-8b1f-40aa-b6d1-791ed8e8b648}</UniqueIdentifier>
    </Filter>
    <Filter Include="02.GameObjects\00.UI\Container">
      <UniqueIdentifier>{b5bde109-c3a5-44df-a7f6-dba38547b163}</UniqueIdentifier>
    </Filter>
    <Filter Include="02.GameObjects\00.UI\02.PlayerState\Bar">
      <UniqueIdentifier>{89b42d89-4cd9-43c6-9ccf-11078c6a3cc4}</UniqueIdentifier>
    </Filter>
    <Filter Include="02.GameObjects\00.UI\02.PlayerState\Bar\00. HpBar">
      <UniqueIdentifier>{60c9200d-6118-4587-9ee0-1bcb3f52c367}</UniqueIdentifier>
    </Filter>
    <Filter Include="02.GameObjects\00.UI\02.PlayerState\Bar\01. SPBar">
      <UniqueIdentifier>{fa8a6485-6e60-4186-aec4-b9d0b8a4e8ce}</UniqueIdentifier>
    </Filter>
    <Filter Include="02.GameObjects\00.UI\02.PlayerState\Bar\02. MPBar">
      <UniqueIdentifier>{76ade142-3387-45f1-8a26-dffaefe60af0}</UniqueIdentifier>
    </Filter>
    <Filter Include="02.GameObjects\00.UI\02.PlayerState\Potion">
      <UniqueIdentifier>{e0a56d88-4553-40f7-b364-a16b07c8efe4}</UniqueIdentifier>
    </Filter>
    <Filter Include="02.GameObjects\00.UI\02.PlayerState\ItemSlots">
      <UniqueIdentifier>{236863ca-b3a3-4988-bc0e-547467f75ba8}</UniqueIdentifier>
    </Filter>
    <Filter Include="02.GameObjects\00.UI\02.PlayerState\Inventory">
      <UniqueIdentifier>{f3dcd216-5131-480b-bdb9-f86d4348d641}</UniqueIdentifier>
    </Filter>
    <Filter Include="02.GameObjects\00.UI\04.MobState\HpBar">
      <UniqueIdentifier>{4977711e-857c-4f4c-a3b4-b67fdda66ec7}</UniqueIdentifier>
    </Filter>
    <Filter Include="02.GameObjects\00.UI\04.MobState\LockOn">
      <UniqueIdentifier>{ba348db8-6856-48fd-bf79-56ec2455d00a}</UniqueIdentifier>
    </Filter>
    <Filter Include="02.GameObjects\00.UI\03.BossState">
      <UniqueIdentifier>{8d2a32b5-60a5-41c9-93a6-afbbed0d7829}</UniqueIdentifier>
    </Filter>
    <Filter Include="02.GameObjects\00.UI\05.Interaction">
      <UniqueIdentifier>{bf3745ef-a6a8-4473-b2bd-2fdd398f5287}</UniqueIdentifier>
    </Filter>
    <Filter Include="02.GameObjects\00.UI\Container\Part">
      <UniqueIdentifier>{5dab7d6f-0d4c-4992-ab27-f4240929a215}</UniqueIdentifier>
    </Filter>
    <Filter Include="02.GameObjects\00.UI\Container\Part\UI">
      <UniqueIdentifier>{b30e92f1-66cb-41ef-a7b4-cbaeb4b3269c}</UniqueIdentifier>
    </Filter>
    <Filter Include="02.GameObjects\03.Actor\Player\Inventory">
      <UniqueIdentifier>{d7cc1ef6-da75-4b20-a87f-170e1e67ab63}</UniqueIdentifier>
    </Filter>
    <Filter Include="02.GameObjects\00.UI\02.PlayerState\Inventory\InventorySlot">
      <UniqueIdentifier>{25e3c154-73fa-45bb-9325-174189bc2105}</UniqueIdentifier>
    </Filter>
    <Filter Include="02.GameObjects\00.UI\05.Interaction\Interaction">
      <UniqueIdentifier>{0f64821a-138b-4819-a1d5-6a29ea7f70fc}</UniqueIdentifier>
    </Filter>
    <Filter Include="02.GameObjects\00.UI\05.Interaction\Reward">
      <UniqueIdentifier>{2b7a1a83-a94f-4a92-9e87-a932228a710c}</UniqueIdentifier>
    </Filter>
    <Filter Include="02.GameObjects\03.Actor\Monsters\00.Boss">
      <UniqueIdentifier>{dbc32e9b-e215-4745-8fe0-80dda19bc6fb}</UniqueIdentifier>
    </Filter>
    <Filter Include="02.GameObjects\03.Actor\Monsters\00.Boss\SpiderTank">
      <UniqueIdentifier>{a5c78964-11df-4c62-8091-4d1601d4807d}</UniqueIdentifier>
    </Filter>
    <Filter Include="02.GameObjects\03.Actor\Monsters\00.Boss\SpiderTank\Body_SpiderTank">
      <UniqueIdentifier>{1747f651-4736-4bc2-a05d-8a5ed4e15210}</UniqueIdentifier>
    </Filter>
    <Filter Include="02.GameObjects\03.Actor\Monsters\00.Boss\SpiderTank\State">
      <UniqueIdentifier>{0f1134f9-62db-4b2d-846d-b582124aa8f8}</UniqueIdentifier>
    </Filter>
    <Filter Include="02.GameObjects\03.Actor\Monsters\00.Boss\SpiderTank\State\Idle">
      <UniqueIdentifier>{d803351f-b3cb-4555-a002-23e274c86675}</UniqueIdentifier>
    </Filter>
    <Filter Include="02.GameObjects\03.Actor\Monsters\00.Boss\SpiderTank\State\Attack">
      <UniqueIdentifier>{19a4e2ac-08d9-43a9-8134-42bb9d4c45e0}</UniqueIdentifier>
    </Filter>
    <Filter Include="02.GameObjects\03.Actor\Monsters\00.Boss\SpiderTank\State\Move">
      <UniqueIdentifier>{9d2efbb7-49f5-4559-b573-5eb2041205fb}</UniqueIdentifier>
    </Filter>
    <Filter Include="02.GameObjects\03.Actor\Monsters\00.Boss\SpiderTank\State\Hit">
      <UniqueIdentifier>{fbfa5d7e-89fb-4953-b8a6-b9fd443e1cf0}</UniqueIdentifier>
    </Filter>
    <Filter Include="96.Tools\02.Effect">
      <UniqueIdentifier>{5868739f-792b-4de4-ba1c-c316d319e6ac}</UniqueIdentifier>
    </Filter>
    <Filter Include="96.Tools\01.Navigation">
      <UniqueIdentifier>{d72c8380-6195-4931-b418-dde7fdc6e95a}</UniqueIdentifier>
    </Filter>
    <Filter Include="96.Tools\00.Map">
      <UniqueIdentifier>{ae8c8b7d-fa3f-4ba0-b00a-d9b3ca93886a}</UniqueIdentifier>
    </Filter>
    <Filter Include="02.GameObjects\00.UI\02.PlayerState\Sweat">
      <UniqueIdentifier>{189dbc8b-01f7-47a6-9865-410f55666f1b}</UniqueIdentifier>
    </Filter>
    <Filter Include="02.GameObjects\00.UI\Container\Part\UI\UI_Sprite">
      <UniqueIdentifier>{9db50aca-fc80-4f16-bebd-02a79f3c7c80}</UniqueIdentifier>
    </Filter>
    <Filter Include="02.GameObjects\00.UI\Container\Part\UI\UI_Animation">
      <UniqueIdentifier>{0bdab430-8299-40cb-933c-9e326aa6dd1d}</UniqueIdentifier>
    </Filter>
    <Filter Include="03.Shadow">
      <UniqueIdentifier>{d8da6f82-3e06-434d-93d3-8a67e153d9c6}</UniqueIdentifier>
    </Filter>
    <Filter Include="02.GameObjects\05.Environment_Objects\05.Bridge">
      <UniqueIdentifier>{96439549-7115-4d20-8d40-eaa69ddedfba}</UniqueIdentifier>
    </Filter>
    <Filter Include="02.GameObjects\05.Environment_Objects\05.Bridge\Body">
      <UniqueIdentifier>{84f72ed5-094b-4072-9349-aae8e12d1b69}</UniqueIdentifier>
    </Filter>
    <Filter Include="02.GameObjects\06.Item">
      <UniqueIdentifier>{29546516-6976-45a7-a29a-c550732e34b0}</UniqueIdentifier>
    </Filter>
    <Filter Include="02.GameObjects\06.Item\Item_Coin">
      <UniqueIdentifier>{3ded3f23-5700-41a7-aa86-f86b998f6c13}</UniqueIdentifier>
    </Filter>
    <Filter Include="02.GameObjects\06.Item\Part">
      <UniqueIdentifier>{b7500f4a-0632-4bce-8ee3-67ec502f0707}</UniqueIdentifier>
    </Filter>
    <Filter Include="02.GameObjects\06.Item\Part\Body">
      <UniqueIdentifier>{83d99c17-d5f7-43e7-a5dc-39173297ca00}</UniqueIdentifier>
    </Filter>
    <Filter Include="02.GameObjects\06.Item\Item_FireCracker">
      <UniqueIdentifier>{a81821d6-6bfa-4cd0-8ecc-0fa79a074ec2}</UniqueIdentifier>
    </Filter>
    <Filter Include="02.GameObjects\06.Item\Item_Potion">
      <UniqueIdentifier>{a571c6be-22e7-47f9-9a1f-a49c66907190}</UniqueIdentifier>
    </Filter>
    <Filter Include="02.GameObjects\06.Item\Item_Berry">
      <UniqueIdentifier>{b15f0150-0360-4ef3-b674-9c9a14a532c0}</UniqueIdentifier>
    </Filter>
    <Filter Include="02.GameObjects\06.Item\Item_BlueBerry">
      <UniqueIdentifier>{58292ed8-7e31-4afb-882f-77217467dd4a}</UniqueIdentifier>
    </Filter>
    <Filter Include="02.GameObjects\06.Item\Item_CoinQuestion">
      <UniqueIdentifier>{a2e69508-b52d-4925-95d3-c04c9075562a}</UniqueIdentifier>
    </Filter>
    <Filter Include="02.GameObjects\07.Bullet">
      <UniqueIdentifier>{11dec82b-3c18-4060-8509-a17eb0649034}</UniqueIdentifier>
    </Filter>
    <Filter Include="02.GameObjects\07.Bullet\Monster">
      <UniqueIdentifier>{8118d390-521a-4127-b71f-a2a5e2a715ad}</UniqueIdentifier>
    </Filter>
    <Filter Include="02.GameObjects\07.Bullet\Monster\AOE">
      <UniqueIdentifier>{c4583f94-c4b6-4e0c-82ce-10e48078896c}</UniqueIdentifier>
    </Filter>
    <Filter Include="02.GameObjects\07.Bullet\Monster\AOE\Wizard_Support_AOE">
      <UniqueIdentifier>{271a6fa9-c1e0-41a8-a6f8-063d041af411}</UniqueIdentifier>
    </Filter>
    <Filter Include="02.GameObjects\07.Bullet\Monster\Bullet_SpiderTank">
      <UniqueIdentifier>{3f9f217f-02ba-4c43-8adb-14e5ff7e8739}</UniqueIdentifier>
    </Filter>
    <Filter Include="02.GameObjects\07.Bullet\Monster\Bullet_SpiderTank\SpiderTankLager">
      <UniqueIdentifier>{b514cfb1-0800-433d-82b6-29278d9e79ef}</UniqueIdentifier>
    </Filter>
    <Filter Include="02.GameObjects\07.Bullet\Monster\Bullet_SpiderTank\SpiderTankBullet">
      <UniqueIdentifier>{96ef8008-4030-4f1d-8d2e-860dc8c5c8bc}</UniqueIdentifier>
    </Filter>
    <Filter Include="02.GameObjects\07.Bullet\Monster\Bullet_SpiderTank\SpiderTankOrb">
      <UniqueIdentifier>{6fbd672e-4e82-4602-bd80-1008054f24cf}</UniqueIdentifier>
    </Filter>
    <Filter Include="02.GameObjects\07.Bullet\FireCracker">
      <UniqueIdentifier>{6831186f-2c18-4420-9b45-339fab66a288}</UniqueIdentifier>
    </Filter>
    <Filter Include="02.GameObjects\08.Effect">
      <UniqueIdentifier>{eee4e22f-c3c8-4afa-a8af-c8b06b6b04e1}</UniqueIdentifier>
    </Filter>
    <Filter Include="02.GameObjects\08.Effect\Container">
      <UniqueIdentifier>{e12a4bae-ab34-4f41-a319-2d6b32f06f74}</UniqueIdentifier>
    </Filter>
    <Filter Include="02.GameObjects\08.Effect\Container\Mesh">
      <UniqueIdentifier>{93f108b9-1efa-4aff-b7f3-88016e3bcf73}</UniqueIdentifier>
    </Filter>
    <Filter Include="02.GameObjects\08.Effect\Container\Mesh\Part">
      <UniqueIdentifier>{508f9651-dbab-49f0-bf87-52710ca9cad0}</UniqueIdentifier>
    </Filter>
    <Filter Include="02.GameObjects\08.Effect\Container\Mesh\Object">
      <UniqueIdentifier>{c5fc8667-d751-4cef-b446-6d9dc16f7b68}</UniqueIdentifier>
    </Filter>
    <Filter Include="02.GameObjects\08.Effect\Container\Mesh\Anim">
      <UniqueIdentifier>{d8732637-a604-45f8-b052-c6a35d6eb6b4}</UniqueIdentifier>
    </Filter>
    <Filter Include="02.GameObjects\08.Effect\Container\Mesh\Anim\Part">
      <UniqueIdentifier>{5d8c14fb-5d14-4b15-93eb-39cd14150518}</UniqueIdentifier>
    </Filter>
    <Filter Include="02.GameObjects\08.Effect\Container\Mesh\Anim\Part\Ice">
      <UniqueIdentifier>{2b8fe5b8-6789-47c7-902c-26f649358a2e}</UniqueIdentifier>
    </Filter>
    <Filter Include="02.GameObjects\08.Effect\Container\Mesh\Anim\Obj">
      <UniqueIdentifier>{714a64c4-4ae1-4858-9505-dbbc09cab17a}</UniqueIdentifier>
    </Filter>
    <Filter Include="02.GameObjects\08.Effect\Container\Mesh\Anim\Obj\Explosion">
      <UniqueIdentifier>{73cb196a-b0b7-416d-bcc4-1299dd9d65da}</UniqueIdentifier>
    </Filter>
    <Filter Include="02.GameObjects\08.Effect\Container\Particle">
      <UniqueIdentifier>{17207b02-ad10-4d7a-aada-de00f4ff1512}</UniqueIdentifier>
    </Filter>
    <Filter Include="02.GameObjects\08.Effect\00. PlayerEffect">
      <UniqueIdentifier>{f6cf795a-2865-4d21-8fbe-13ad9f5fe1fd}</UniqueIdentifier>
    </Filter>
    <Filter Include="02.GameObjects\08.Effect\00. PlayerEffect\Dash">
      <UniqueIdentifier>{947ccac5-bda5-4d9c-bc0c-800cb5f8bdbe}</UniqueIdentifier>
    </Filter>
    <Filter Include="02.GameObjects\08.Effect\00. PlayerEffect\Potion">
      <UniqueIdentifier>{17ace755-ab52-4a68-be2f-577614ffb9a6}</UniqueIdentifier>
    </Filter>
    <Filter Include="02.GameObjects\08.Effect\00. PlayerEffect\Weapon">
      <UniqueIdentifier>{b4acc136-7955-4647-a16e-4cc76e549048}</UniqueIdentifier>
    </Filter>
    <Filter Include="02.GameObjects\08.Effect\00. PlayerEffect\Weapon\Dagger">
      <UniqueIdentifier>{9eff0183-8fc2-497b-b7a8-5d14ee3d1b58}</UniqueIdentifier>
    </Filter>
    <Filter Include="02.GameObjects\08.Effect\Tool">
      <UniqueIdentifier>{8bef012a-9106-4f5d-ad48-51ead1f69cb5}</UniqueIdentifier>
    </Filter>
    <Filter Include="02.GameObjects\08.Effect\Object">
      <UniqueIdentifier>{63e40982-b4c1-491c-997d-8dd3a222c3bf}</UniqueIdentifier>
    </Filter>
    <Filter Include="02.GameObjects\08.Effect\01. MonsterEffect">
      <UniqueIdentifier>{bf2698eb-548d-4619-ad26-babfa987ca40}</UniqueIdentifier>
    </Filter>
    <Filter Include="02.GameObjects\08.Effect\01. MonsterEffect\Hit">
      <UniqueIdentifier>{6f100656-c6de-4694-9c0e-ece069d1d42a}</UniqueIdentifier>
    </Filter>
    <Filter Include="02.GameObjects\08.Effect\01. MonsterEffect\Smoke">
      <UniqueIdentifier>{44b7d267-1bf0-4909-ac2c-e57c073e49f2}</UniqueIdentifier>
    </Filter>
    <Filter Include="02.GameObjects\08.Effect\02. BossEffect">
      <UniqueIdentifier>{ba41d300-b1aa-429d-bf3f-b12d0d42b7de}</UniqueIdentifier>
    </Filter>
    <Filter Include="02.GameObjects\08.Effect\02. BossEffect\BossSteam">
      <UniqueIdentifier>{c4c1e5d0-72c6-4097-beb4-e2e38e94de3c}</UniqueIdentifier>
    </Filter>
    <Filter Include="02.GameObjects\08.Effect\02. BossEffect\BossBullet">
      <UniqueIdentifier>{3209dcb8-c96c-4fb7-985f-98bb9d41b004}</UniqueIdentifier>
    </Filter>
    <Filter Include="02.GameObjects\08.Effect\02. BossEffect\BossBullet\Mesh_Muzzle">
      <UniqueIdentifier>{e226863a-bd9a-4647-b58f-9f58eb1777c6}</UniqueIdentifier>
    </Filter>
    <Filter Include="02.GameObjects\08.Effect\02. BossEffect\BossLager">
      <UniqueIdentifier>{8ec4a34f-470a-4ec6-b456-d6a8e820b79a}</UniqueIdentifier>
    </Filter>
    <Filter Include="02.GameObjects\08.Effect\02. BossEffect\BossLager\Effect_Mesh_BossLager">
      <UniqueIdentifier>{17e24efb-4648-4dc3-b7ef-bea3e5502cfa}</UniqueIdentifier>
    </Filter>
    <Filter Include="02.GameObjects\08.Effect\02. BossEffect\BossSwing">
      <UniqueIdentifier>{493be362-47a1-484a-a635-fa0ec13e8689}</UniqueIdentifier>
    </Filter>
    <Filter Include="02.GameObjects\08.Effect\03. BulletEffect">
      <UniqueIdentifier>{13964a11-980c-44d8-b990-67a3e7dd0bbe}</UniqueIdentifier>
    </Filter>
    <Filter Include="02.GameObjects\08.Effect\03. BulletEffect\FirecrackersEffect">
      <UniqueIdentifier>{303a970d-0fcd-4564-bc13-e9d7bfc4fccb}</UniqueIdentifier>
    </Filter>
    <Filter Include="02.GameObjects\09.Trigger">
      <UniqueIdentifier>{518bf538-3014-400c-913a-f59f849b9f56}</UniqueIdentifier>
    </Filter>
    <Filter Include="02.GameObjects\03.Actor\Monsters\03.Merchant">
      <UniqueIdentifier>{d44b33a0-8b0c-44e1-af8c-ba8efa13731d}</UniqueIdentifier>
    </Filter>
    <Filter Include="02.GameObjects\03.Actor\Monsters\03.Merchant\Body">
      <UniqueIdentifier>{4201cce7-c8f5-4564-9d1b-1d1a69d6bde0}</UniqueIdentifier>
    </Filter>
    <Filter Include="02.GameObjects\03.Actor\Monsters\03.Merchant\State">
      <UniqueIdentifier>{195d7b29-33cc-4390-9b04-bcae446fa2d9}</UniqueIdentifier>
    </Filter>
    <Filter Include="02.GameObjects\00.UI\05.Interaction\Price">
      <UniqueIdentifier>{c9c0fc12-aae1-4154-b88a-2cd73bc3df73}</UniqueIdentifier>
    </Filter>
    <Filter Include="02.GameObjects\01.BackGround\03.LoadingScene">
      <UniqueIdentifier>{7400e8fd-008d-4ac7-acf0-475a5ac77af6}</UniqueIdentifier>
    </Filter>
  </ItemGroup>
  <ItemGroup>
    <ClInclude Include="Client.h">
      <Filter>98.Default</Filter>
    </ClInclude>
    <ClInclude Include="framework.h">
      <Filter>98.Default</Filter>
    </ClInclude>
    <ClInclude Include="Resource.h">
      <Filter>98.Default</Filter>
    </ClInclude>
    <ClInclude Include="targetver.h">
      <Filter>98.Default</Filter>
    </ClInclude>
    <ClInclude Include="..\Public\Client_Defines.h">
      <Filter>99.Defines</Filter>
    </ClInclude>
    <ClInclude Include="..\Public\Client_Enum.h">
      <Filter>99.Defines</Filter>
    </ClInclude>
    <ClInclude Include="..\Public\Level_Loading.h">
      <Filter>01.Levels\Loading</Filter>
    </ClInclude>
    <ClInclude Include="..\Public\Loader.h">
      <Filter>01.Levels\Loading\Loader</Filter>
    </ClInclude>
    <ClInclude Include="..\Public\Level_Logo.h">
      <Filter>01.Levels\Logo</Filter>
    </ClInclude>
    <ClInclude Include="..\public\MainApp.h">
      <Filter>00.MainApp</Filter>
    </ClInclude>
    <ClInclude Include="..\public\Level_Tools.h">
      <Filter>01.Levels\Tools</Filter>
    </ClInclude>
    <ClInclude Include="..\Public\BackGround.h">
      <Filter>02.GameObjects\01.BackGround\00.BackGround</Filter>
    </ClInclude>
    <ClInclude Include="ImGui\imconfig.h">
      <Filter>98.Default\ImGui</Filter>
    </ClInclude>
    <ClInclude Include="ImGui\imgui.h">
      <Filter>98.Default\ImGui</Filter>
    </ClInclude>
    <ClInclude Include="ImGui\backends\imgui_impl_dx11.h">
      <Filter>98.Default\ImGui</Filter>
    </ClInclude>
    <ClInclude Include="ImGui\backends\imgui_impl_win32.h">
      <Filter>98.Default\ImGui</Filter>
    </ClInclude>
    <ClInclude Include="ImGui\imgui_internal.h">
      <Filter>98.Default\ImGui</Filter>
    </ClInclude>
    <ClInclude Include="ImGui\ImGuizmo.h">
      <Filter>98.Default\ImGui</Filter>
    </ClInclude>
    <ClInclude Include="ImGui\imstb_rectpack.h">
      <Filter>98.Default\ImGui</Filter>
    </ClInclude>
    <ClInclude Include="ImGui\imstb_textedit.h">
      <Filter>98.Default\ImGui</Filter>
    </ClInclude>
    <ClInclude Include="ImGui\imstb_truetype.h">
      <Filter>98.Default\ImGui</Filter>
    </ClInclude>
    <ClInclude Include="..\Public\Client_Macro.h">
      <Filter>99.Defines</Filter>
    </ClInclude>
    <ClInclude Include="..\public\Button.h">
      <Filter>02.GameObjects\00.UI\01.Button</Filter>
    </ClInclude>
    <ClInclude Include="..\public\Terrain.h">
      <Filter>02.GameObjects\01.BackGround\01.Terrain</Filter>
    </ClInclude>
    <ClInclude Include="ImGui\ImGuiFileDialog.h">
      <Filter>98.Default\ImGui</Filter>
    </ClInclude>
    <ClInclude Include="ImGui\ImGuiFileDialogConfig.h">
      <Filter>98.Default\ImGui</Filter>
    </ClInclude>
    <ClInclude Include="..\public\Monster.h">
      <Filter>02.GameObjects\03.Actor\Monsters</Filter>
    </ClInclude>
    <ClInclude Include="..\public\Boss.h">
      <Filter>02.GameObjects\03.Actor\Monsters\00.Boss</Filter>
    </ClInclude>
    <ClInclude Include="..\public\SpiderTank.h">
      <Filter>02.GameObjects\03.Actor\Monsters\00.Boss\SpiderTank</Filter>
    </ClInclude>
    <ClInclude Include="..\public\Map.h">
      <Filter>02.GameObjects\04.Map</Filter>
    </ClInclude>
    <ClInclude Include="..\public\Courtyard.h">
      <Filter>02.GameObjects\04.Map\00.Courtyard</Filter>
    </ClInclude>
    <ClInclude Include="..\public\Tool.h">
      <Filter>96.Tools</Filter>
    </ClInclude>
    <ClInclude Include="..\public\Tool_Map.h">
      <Filter>96.Tools\00.Map</Filter>
    </ClInclude>
    <ClInclude Include="..\public\Arena.h">
      <Filter>02.GameObjects\04.Map\02.Arena</Filter>
    </ClInclude>
    <ClInclude Include="..\public\Main.h">
      <Filter>02.GameObjects\04.Map\01.Main</Filter>
    </ClInclude>
    <ClInclude Include="..\public\Environment_Object.h">
      <Filter>02.GameObjects\05.Environment_Objects</Filter>
    </ClInclude>
    <ClInclude Include="..\public\Grass.h">
      <Filter>02.GameObjects\05.Environment_Objects\00.Grass</Filter>
    </ClInclude>
    <ClInclude Include="..\public\Bush.h">
      <Filter>02.GameObjects\05.Environment_Objects\01.Bush</Filter>
    </ClInclude>
    <ClInclude Include="..\public\CheckPoint.h">
      <Filter>02.GameObjects\05.Environment_Objects\02.CheckPoint</Filter>
    </ClInclude>
    <ClInclude Include="..\public\Shop.h">
      <Filter>02.GameObjects\04.Map\03.Shop</Filter>
    </ClInclude>
    <ClInclude Include="..\Public\Level_Courtyard.h">
      <Filter>01.Levels\00.Courtyard</Filter>
    </ClInclude>
    <ClInclude Include="..\public\Level_Arena.h">
      <Filter>01.Levels\02.Arena</Filter>
    </ClInclude>
    <ClInclude Include="..\public\Level_Shop.h">
      <Filter>01.Levels\03.Shop</Filter>
    </ClInclude>
    <ClInclude Include="..\public\Player.h">
      <Filter>02.GameObjects\03.Actor\Player</Filter>
    </ClInclude>
    <ClInclude Include="..\public\Blob.h">
      <Filter>02.GameObjects\03.Actor\Monsters\01.Blob</Filter>
    </ClInclude>
    <ClInclude Include="..\public\Chest.h">
      <Filter>02.GameObjects\05.Environment_Objects\04.Chest</Filter>
    </ClInclude>
    <ClInclude Include="..\public\Item.h">
      <Filter>02.GameObjects\06.Item</Filter>
    </ClInclude>
    <ClInclude Include="..\Public\PlayerState.h">
      <Filter>02.GameObjects\03.Actor\Player\State</Filter>
    </ClInclude>
    <ClInclude Include="..\public\Camera_Free.h">
      <Filter>02.GameObjects\02.Camera\Camera_Free</Filter>
    </ClInclude>
    <ClInclude Include="..\Public\Player_IAttackStrategy.h">
      <Filter>02.GameObjects\03.Actor\Player\State\Attack\AttackStrategy</Filter>
    </ClInclude>
    <ClInclude Include="..\public\Camera_TPS.h">
      <Filter>02.GameObjects\02.Camera\Camera_TPS</Filter>
    </ClInclude>
    <ClInclude Include="..\public\Body_Player.h">
      <Filter>02.GameObjects\03.Actor\Player\Part\Body</Filter>
    </ClInclude>
    <ClInclude Include="..\public\Body_Blob.h">
      <Filter>02.GameObjects\03.Actor\Monsters\01.Blob\Body</Filter>
    </ClInclude>
    <ClInclude Include="..\public\Body_SpiderTank.h">
      <Filter>02.GameObjects\03.Actor\Monsters\00.Boss\SpiderTank\Body_SpiderTank</Filter>
    </ClInclude>
    <ClInclude Include="..\Public\BlobState.h">
      <Filter>02.GameObjects\03.Actor\Monsters\01.Blob\State</Filter>
    </ClInclude>
    <ClInclude Include="..\public\Wizard_Candleabra.h">
      <Filter>02.GameObjects\03.Actor\Monsters\02.Wizard\00. Candleabra</Filter>
    </ClInclude>
    <ClInclude Include="..\public\Wizard_Support.h">
      <Filter>02.GameObjects\03.Actor\Monsters\02.Wizard\01. Support</Filter>
    </ClInclude>
    <ClInclude Include="..\public\Wizard_Sword.h">
      <Filter>02.GameObjects\03.Actor\Monsters\02.Wizard\02. Sword</Filter>
    </ClInclude>
    <ClInclude Include="..\Public\Body_WizardCandleabra.h">
      <Filter>02.GameObjects\03.Actor\Monsters\02.Wizard\PartObjects\Body\Candleabra</Filter>
    </ClInclude>
    <ClInclude Include="..\Public\Body_WizardSupport.h">
      <Filter>02.GameObjects\03.Actor\Monsters\02.Wizard\PartObjects\Body\Support</Filter>
    </ClInclude>
    <ClInclude Include="..\Public\Part_WizardCandleabra.h">
      <Filter>02.GameObjects\03.Actor\Monsters\02.Wizard\PartObjects\Weapons\Candleabra</Filter>
    </ClInclude>
    <ClInclude Include="..\Public\Part_WizardStaff.h">
      <Filter>02.GameObjects\03.Actor\Monsters\02.Wizard\PartObjects\Weapons\Staff</Filter>
    </ClInclude>
    <ClInclude Include="..\public\Part_WizardSword.h">
      <Filter>02.GameObjects\03.Actor\Monsters\02.Wizard\PartObjects\Weapons\Sword</Filter>
    </ClInclude>
    <ClInclude Include="..\public\Body_Grass.h">
      <Filter>02.GameObjects\05.Environment_Objects\00.Grass\Body</Filter>
    </ClInclude>
    <ClInclude Include="..\Public\Body_Bush.h">
      <Filter>02.GameObjects\05.Environment_Objects\01.Bush\Body</Filter>
    </ClInclude>
    <ClInclude Include="..\Public\Body_CheckPoint.h">
      <Filter>02.GameObjects\05.Environment_Objects\02.CheckPoint\Body</Filter>
    </ClInclude>
    <ClInclude Include="..\Public\Body_Chest.h">
      <Filter>02.GameObjects\05.Environment_Objects\04.Chest\Body</Filter>
    </ClInclude>
    <ClInclude Include="..\public\Wizard_CandleabraState.h">
      <Filter>02.GameObjects\03.Actor\Monsters\02.Wizard\State\Candleabra</Filter>
    </ClInclude>
    <ClInclude Include="..\Public\Wizard_SupportState.h">
      <Filter>02.GameObjects\03.Actor\Monsters\02.Wizard\State\Support</Filter>
    </ClInclude>
    <ClInclude Include="..\Public\Wizard_SwordState.h">
      <Filter>02.GameObjects\03.Actor\Monsters\02.Wizard\State\Sword</Filter>
    </ClInclude>
    <ClInclude Include="..\public\Sky.h">
      <Filter>02.GameObjects\01.BackGround\02.Sky</Filter>
    </ClInclude>
    <ClInclude Include="..\Public\SpiderTankState.h">
      <Filter>02.GameObjects\03.Actor\Monsters\00.Boss\SpiderTank\State</Filter>
    </ClInclude>
    <ClInclude Include="..\public\Bullet.h">
      <Filter>02.GameObjects\07.Bullet</Filter>
    </ClInclude>
    <ClInclude Include="..\public\Bullet_SpiderTankOrb.h">
      <Filter>02.GameObjects\07.Bullet\Monster\Bullet_SpiderTank\SpiderTankOrb</Filter>
    </ClInclude>
    <ClInclude Include="..\public\Bullet_SpiderTank.h">
      <Filter>02.GameObjects\07.Bullet\Monster\Bullet_SpiderTank\SpiderTankBullet</Filter>
    </ClInclude>
    <ClInclude Include="..\public\Bullet_Monster.h">
      <Filter>02.GameObjects\07.Bullet\Monster</Filter>
    </ClInclude>
    <ClInclude Include="..\public\Camera_CutScene.h">
      <Filter>02.GameObjects\02.Camera\Camera_CutScene</Filter>
    </ClInclude>
    <ClInclude Include="..\public\Wizard_Weapon.h">
      <Filter>02.GameObjects\03.Actor\Monsters\02.Wizard\PartObjects\Weapons</Filter>
    </ClInclude>
    <ClInclude Include="..\public\Body_Wizard.h">
      <Filter>02.GameObjects\03.Actor\Monsters\02.Wizard\PartObjects\Body</Filter>
    </ClInclude>
    <ClInclude Include="..\Public\Body_WizardSword.h">
      <Filter>02.GameObjects\03.Actor\Monsters\02.Wizard\PartObjects\Body\Sword</Filter>
    </ClInclude>
    <ClInclude Include="..\public\Body_Environment_Object.h">
      <Filter>02.GameObjects\05.Environment_Objects\Body</Filter>
    </ClInclude>
    <ClInclude Include="..\public\Part_Player.h">
      <Filter>02.GameObjects\03.Actor\Player\Part</Filter>
    </ClInclude>
    <ClInclude Include="..\public\Weapon_Player.h">
      <Filter>02.GameObjects\03.Actor\Player\Part\Weapon</Filter>
    </ClInclude>
    <ClInclude Include="..\public\Wizard.h">
      <Filter>02.GameObjects\03.Actor\Monsters\02.Wizard</Filter>
    </ClInclude>
    <ClInclude Include="..\public\Wizard_Support_AOE.h">
      <Filter>02.GameObjects\07.Bullet\Monster\AOE\Wizard_Support_AOE</Filter>
    </ClInclude>
    <ClInclude Include="..\public\Bullet_Monster_AOE.h">
      <Filter>02.GameObjects\07.Bullet\Monster\AOE</Filter>
    </ClInclude>
    <ClInclude Include="..\public\Bullet_SpiderTankLager.h">
      <Filter>02.GameObjects\07.Bullet\Monster\Bullet_SpiderTank\SpiderTankLager</Filter>
    </ClInclude>
    <ClInclude Include="..\public\BaseActor.h">
      <Filter>02.GameObjects\03.Actor</Filter>
    </ClInclude>
    <ClInclude Include="..\public\Tool_Navigation.h">
      <Filter>96.Tools\01.Navigation</Filter>
    </ClInclude>
    <ClInclude Include="..\public\UI2D_PlayerHPBar.h">
      <Filter>02.GameObjects\00.UI\02.PlayerState\Bar\00. HpBar</Filter>
    </ClInclude>
    <ClInclude Include="..\public\UI2D_PlayerPotion.h">
      <Filter>02.GameObjects\00.UI\02.PlayerState\Potion</Filter>
    </ClInclude>
    <ClInclude Include="..\public\UI_Animation.h">
      <Filter>02.GameObjects\00.UI\Container\Part\UI\UI_Animation</Filter>
    </ClInclude>
    <ClInclude Include="..\public\UI2D_PlayerSPBar.h">
      <Filter>02.GameObjects\00.UI\02.PlayerState\Bar\01. SPBar</Filter>
    </ClInclude>
    <ClInclude Include="..\public\UI2D_PlayerMPBar.h">
      <Filter>02.GameObjects\00.UI\02.PlayerState\Bar\02. MPBar</Filter>
    </ClInclude>
    <ClInclude Include="..\public\UI2D_PlayerItemSlots.h">
      <Filter>02.GameObjects\00.UI\02.PlayerState\ItemSlots</Filter>
    </ClInclude>
    <ClInclude Include="..\public\UI2D_Inventory.h">
      <Filter>02.GameObjects\00.UI\02.PlayerState\Inventory</Filter>
    </ClInclude>
    <ClInclude Include="..\public\UI3D_MobHPBar.h">
      <Filter>02.GameObjects\00.UI\04.MobState\HpBar</Filter>
    </ClInclude>
    <ClInclude Include="..\public\UI3D_LockOn.h">
      <Filter>02.GameObjects\00.UI\04.MobState\LockOn</Filter>
    </ClInclude>
    <ClInclude Include="..\Public\UIContainerPart.h">
      <Filter>02.GameObjects\00.UI\Container</Filter>
    </ClInclude>
    <ClInclude Include="..\public\UI2D_BossHpBar.h">
      <Filter>02.GameObjects\00.UI\03.BossState</Filter>
    </ClInclude>
    <ClInclude Include="..\Public\Client_Struct.h">
      <Filter>99.Defines</Filter>
    </ClInclude>
    <ClInclude Include="..\public\Inventory.h">
      <Filter>02.GameObjects\03.Actor\Player\Inventory</Filter>
    </ClInclude>
    <ClInclude Include="..\public\UI2D_InventorySlot.h">
      <Filter>02.GameObjects\00.UI\02.PlayerState\Inventory\InventorySlot</Filter>
    </ClInclude>
    <ClInclude Include="..\public\UI3D_Interaction.h">
      <Filter>02.GameObjects\00.UI\05.Interaction\Interaction</Filter>
    </ClInclude>
    <ClInclude Include="..\public\UI2D_Reward.h">
      <Filter>02.GameObjects\00.UI\05.Interaction\Reward</Filter>
    </ClInclude>
    <ClInclude Include="..\public\Body_Item.h">
      <Filter>02.GameObjects\06.Item\Part\Body</Filter>
    </ClInclude>
    <ClInclude Include="..\public\Item_Coin.h">
      <Filter>02.GameObjects\06.Item\Item_Coin</Filter>
    </ClInclude>
    <ClInclude Include="..\public\Item_FireCracker.h">
      <Filter>02.GameObjects\06.Item\Item_FireCracker</Filter>
    </ClInclude>
    <ClInclude Include="..\public\Item_Potion.h">
      <Filter>02.GameObjects\06.Item\Item_Potion</Filter>
    </ClInclude>
    <ClInclude Include="..\public\Item_Berry.h">
      <Filter>02.GameObjects\06.Item\Item_Berry</Filter>
    </ClInclude>
    <ClInclude Include="..\public\Item_BlueBerry.h">
      <Filter>02.GameObjects\06.Item\Item_BlueBerry</Filter>
    </ClInclude>
    <ClInclude Include="..\public\Item_CoinQuestion.h">
      <Filter>02.GameObjects\06.Item\Item_CoinQuestion</Filter>
    </ClInclude>
    <ClInclude Include="..\public\Bullet_FireCracker.h">
      <Filter>02.GameObjects\07.Bullet\FireCracker</Filter>
    </ClInclude>
    <ClInclude Include="..\public\Effect_Obj.h">
      <Filter>02.GameObjects\08.Effect\Object</Filter>
    </ClInclude>
    <ClInclude Include="..\public\Effect_Part.h">
      <Filter>02.GameObjects\08.Effect\Container\Particle</Filter>
    </ClInclude>
    <ClInclude Include="..\public\Tool_Effect.h">
      <Filter>96.Tools\02.Effect</Filter>
    </ClInclude>
    <ClInclude Include="..\public\Particle_Tool.h">
      <Filter>02.GameObjects\08.Effect\Tool</Filter>
    </ClInclude>
    <ClInclude Include="..\public\UI.h">
      <Filter>02.GameObjects\00.UI\Container\Part\UI</Filter>
    </ClInclude>
    <ClInclude Include="..\public\UI_Sprite.h">
      <Filter>02.GameObjects\00.UI\Container\Part\UI\UI_Sprite</Filter>
    </ClInclude>
    <ClInclude Include="..\public\UI3D_PlayerSweat.h">
      <Filter>02.GameObjects\00.UI\02.PlayerState\Sweat</Filter>
    </ClInclude>
    <ClInclude Include="..\public\Effect_Mesh_Dodge.h">
      <Filter>02.GameObjects\08.Effect\00. PlayerEffect\Dash</Filter>
    </ClInclude>
    <ClInclude Include="..\public\EffectContainerPart.h">
      <Filter>02.GameObjects\08.Effect\Container</Filter>
    </ClInclude>
    <ClInclude Include="..\public\Effect_Potion.h">
      <Filter>02.GameObjects\08.Effect\00. PlayerEffect\Potion</Filter>
    </ClInclude>
    <ClInclude Include="..\public\Effect_Dagger.h">
      <Filter>02.GameObjects\08.Effect\00. PlayerEffect\Weapon\Dagger</Filter>
    </ClInclude>
    <ClInclude Include="..\public\Effect_Hit.h">
      <Filter>02.GameObjects\08.Effect\01. MonsterEffect\Hit</Filter>
    </ClInclude>
    <ClInclude Include="..\public\Effect_Mesh_Smoke.h">
      <Filter>02.GameObjects\08.Effect\01. MonsterEffect\Smoke</Filter>
    </ClInclude>
    <ClInclude Include="..\public\Effect_Part_Mesh.h">
      <Filter>02.GameObjects\08.Effect\Container\Mesh\Part</Filter>
    </ClInclude>
    <ClInclude Include="..\public\Effect_Obj_Mesh.h">
      <Filter>02.GameObjects\08.Effect\Container\Mesh\Object</Filter>
    </ClInclude>
    <ClInclude Include="..\public\Effect_AnimMesh_Ice.h">
      <Filter>02.GameObjects\08.Effect\Container\Mesh\Anim\Part\Ice</Filter>
    </ClInclude>
    <ClInclude Include="..\public\Effect_BossSteam.h">
      <Filter>02.GameObjects\08.Effect\02. BossEffect\BossSteam</Filter>
    </ClInclude>
    <ClInclude Include="..\public\Effect_BossBullet.h">
      <Filter>02.GameObjects\08.Effect\02. BossEffect\BossBullet</Filter>
    </ClInclude>
    <ClInclude Include="..\Public\GlobalShadow.h">
      <Filter>03.Shadow</Filter>
    </ClInclude>
    <ClInclude Include="..\public\Effect_Mesh_BossMuzzle.h">
      <Filter>02.GameObjects\08.Effect\02. BossEffect\BossBullet\Mesh_Muzzle</Filter>
    </ClInclude>
    <ClInclude Include="..\Public\Effect_BossSwing.h">
      <Filter>02.GameObjects\08.Effect\02. BossEffect\BossSwing</Filter>
    </ClInclude>
    <ClInclude Include="..\public\Effect_BossLager.h">
      <Filter>02.GameObjects\08.Effect\02. BossEffect\BossLager</Filter>
    </ClInclude>
    <ClInclude Include="..\public\Effect_Mesh_BossLager.h">
      <Filter>02.GameObjects\08.Effect\02. BossEffect\BossLager\Effect_Mesh_BossLager</Filter>
    </ClInclude>
    <ClInclude Include="..\public\Effect_AnimMesh_Explosion.h">
      <Filter>02.GameObjects\08.Effect\Container\Mesh\Anim\Obj\Explosion</Filter>
    </ClInclude>
    <ClInclude Include="..\public\Effect_Part_AnimMesh.h">
      <Filter>02.GameObjects\08.Effect\Container\Mesh\Anim\Part</Filter>
    </ClInclude>
    <ClInclude Include="..\public\Effect_Obj_AnimMesh.h">
      <Filter>02.GameObjects\08.Effect\Container\Mesh\Anim\Obj</Filter>
    </ClInclude>
    <ClInclude Include="..\public\Effect_Mesh_Firecracker_Smoke.h">
      <Filter>02.GameObjects\08.Effect\03. BulletEffect\FirecrackersEffect</Filter>
    </ClInclude>
    <ClInclude Include="..\public\Bridge.h">
      <Filter>02.GameObjects\05.Environment_Objects\05.Bridge</Filter>
    </ClInclude>
    <ClInclude Include="..\public\Body_Bridge.h">
      <Filter>02.GameObjects\05.Environment_Objects\05.Bridge\Body</Filter>
    </ClInclude>
    <ClInclude Include="..\public\Trigger.h">
      <Filter>02.GameObjects\09.Trigger</Filter>
    </ClInclude>
    <ClInclude Include="..\public\Merchant.h">
      <Filter>02.GameObjects\03.Actor\Monsters\03.Merchant</Filter>
    </ClInclude>
    <ClInclude Include="..\public\Body_Merchant.h">
      <Filter>02.GameObjects\03.Actor\Monsters\03.Merchant\Body</Filter>
    </ClInclude>
    <ClInclude Include="..\public\MerchantState.h">
      <Filter>02.GameObjects\03.Actor\Monsters\03.Merchant\State</Filter>
    </ClInclude>
    <ClInclude Include="..\public\UI2D_Purchase.h">
      <Filter>02.GameObjects\00.UI\05.Interaction\Price</Filter>
    </ClInclude>
    <ClInclude Include="..\public\LoadingScene.h">
      <Filter>02.GameObjects\01.BackGround\03.LoadingScene</Filter>
    </ClInclude>
  </ItemGroup>
  <ItemGroup>
    <Image Include="Client.ico">
      <Filter>98.Default</Filter>
    </Image>
    <Image Include="small.ico">
      <Filter>98.Default</Filter>
    </Image>
  </ItemGroup>
  <ItemGroup>
    <ResourceCompile Include="Client.rc">
      <Filter>98.Default</Filter>
    </ResourceCompile>
  </ItemGroup>
  <ItemGroup>
    <ClCompile Include="Client.cpp">
      <Filter>98.Default</Filter>
    </ClCompile>
    <ClCompile Include="..\Private\Level_Loading.cpp">
      <Filter>01.Levels\Loading</Filter>
    </ClCompile>
    <ClCompile Include="..\Private\Loader.cpp">
      <Filter>01.Levels\Loading\Loader</Filter>
    </ClCompile>
    <ClCompile Include="..\Private\Level_Logo.cpp">
      <Filter>01.Levels\Logo</Filter>
    </ClCompile>
    <ClCompile Include="..\private\MainApp.cpp">
      <Filter>00.MainApp</Filter>
    </ClCompile>
    <ClCompile Include="..\private\Level_Tools.cpp">
      <Filter>01.Levels\Tools</Filter>
    </ClCompile>
    <ClCompile Include="..\Private\BackGround.cpp">
      <Filter>02.GameObjects\01.BackGround\00.BackGround</Filter>
    </ClCompile>
    <ClCompile Include="ImGui\imgui.cpp">
      <Filter>98.Default\ImGui</Filter>
    </ClCompile>
    <ClCompile Include="ImGui\imgui_demo.cpp">
      <Filter>98.Default\ImGui</Filter>
    </ClCompile>
    <ClCompile Include="ImGui\imgui_draw.cpp">
      <Filter>98.Default\ImGui</Filter>
    </ClCompile>
    <ClCompile Include="ImGui\backends\imgui_impl_dx11.cpp">
      <Filter>98.Default\ImGui</Filter>
    </ClCompile>
    <ClCompile Include="ImGui\backends\imgui_impl_win32.cpp">
      <Filter>98.Default\ImGui</Filter>
    </ClCompile>
    <ClCompile Include="ImGui\imgui_tables.cpp">
      <Filter>98.Default\ImGui</Filter>
    </ClCompile>
    <ClCompile Include="ImGui\imgui_widgets.cpp">
      <Filter>98.Default\ImGui</Filter>
    </ClCompile>
    <ClCompile Include="ImGui\ImGuizmo.cpp">
      <Filter>98.Default\ImGui</Filter>
    </ClCompile>
    <ClCompile Include="..\private\Button.cpp">
      <Filter>02.GameObjects\00.UI\01.Button</Filter>
    </ClCompile>
    <ClCompile Include="..\private\Terrain.cpp">
      <Filter>02.GameObjects\01.BackGround\01.Terrain</Filter>
    </ClCompile>
    <ClCompile Include="ImGui\ImGuiFileDialog.cpp">
      <Filter>98.Default\ImGui</Filter>
    </ClCompile>
    <ClCompile Include="..\private\Monster.cpp">
      <Filter>02.GameObjects\03.Actor\Monsters</Filter>
    </ClCompile>
    <ClCompile Include="..\private\Boss.cpp">
      <Filter>02.GameObjects\03.Actor\Monsters\00.Boss</Filter>
    </ClCompile>
    <ClCompile Include="..\private\SpiderTank.cpp">
      <Filter>02.GameObjects\03.Actor\Monsters\00.Boss\SpiderTank</Filter>
    </ClCompile>
    <ClCompile Include="..\private\Map.cpp">
      <Filter>02.GameObjects\04.Map</Filter>
    </ClCompile>
    <ClCompile Include="..\private\Courtyard.cpp">
      <Filter>02.GameObjects\04.Map\00.Courtyard</Filter>
    </ClCompile>
    <ClCompile Include="..\private\Tool.cpp">
      <Filter>96.Tools</Filter>
    </ClCompile>
    <ClCompile Include="..\private\Tool_Map.cpp">
      <Filter>96.Tools\00.Map</Filter>
    </ClCompile>
    <ClCompile Include="..\private\Arena.cpp">
      <Filter>02.GameObjects\04.Map\02.Arena</Filter>
    </ClCompile>
    <ClCompile Include="..\private\Main.cpp">
      <Filter>02.GameObjects\04.Map\01.Main</Filter>
    </ClCompile>
    <ClCompile Include="..\private\Environment_Object.cpp">
      <Filter>02.GameObjects\05.Environment_Objects</Filter>
    </ClCompile>
    <ClCompile Include="..\private\Grass.cpp">
      <Filter>02.GameObjects\05.Environment_Objects\00.Grass</Filter>
    </ClCompile>
    <ClCompile Include="..\private\Bush.cpp">
      <Filter>02.GameObjects\05.Environment_Objects\01.Bush</Filter>
    </ClCompile>
    <ClCompile Include="..\private\CheckPoint.cpp">
      <Filter>02.GameObjects\05.Environment_Objects\02.CheckPoint</Filter>
    </ClCompile>
    <ClCompile Include="..\private\Shop.cpp">
      <Filter>02.GameObjects\04.Map\03.Shop</Filter>
    </ClCompile>
    <ClCompile Include="..\Private\Level_Courtyard.cpp">
      <Filter>01.Levels\00.Courtyard</Filter>
    </ClCompile>
    <ClCompile Include="..\private\Level_Arena.cpp">
      <Filter>01.Levels\02.Arena</Filter>
    </ClCompile>
    <ClCompile Include="..\private\Level_Shop.cpp">
      <Filter>01.Levels\03.Shop</Filter>
    </ClCompile>
    <ClCompile Include="..\private\Player.cpp">
      <Filter>02.GameObjects\03.Actor\Player</Filter>
    </ClCompile>
    <ClCompile Include="..\private\Blob.cpp">
      <Filter>02.GameObjects\03.Actor\Monsters\01.Blob</Filter>
    </ClCompile>
    <ClCompile Include="..\private\Chest.cpp">
      <Filter>02.GameObjects\05.Environment_Objects\04.Chest</Filter>
    </ClCompile>
    <ClCompile Include="..\private\Item.cpp">
      <Filter>02.GameObjects\06.Item</Filter>
    </ClCompile>
    <ClCompile Include="..\Private\PlayerState_Die.cpp">
      <Filter>02.GameObjects\03.Actor\Player\State\Die</Filter>
    </ClCompile>
    <ClCompile Include="..\Private\PlayerState_Hit.cpp">
      <Filter>02.GameObjects\03.Actor\Player\State\Hit</Filter>
    </ClCompile>
    <ClCompile Include="..\Private\PlayerState_Dodge.cpp">
      <Filter>02.GameObjects\03.Actor\Player\State\Dodge</Filter>
    </ClCompile>
    <ClCompile Include="..\Private\PlayerState_Move.cpp">
      <Filter>02.GameObjects\03.Actor\Player\State\Move</Filter>
    </ClCompile>
    <ClCompile Include="..\Private\PlayerState_Idle.cpp">
      <Filter>02.GameObjects\03.Actor\Player\State\Idle</Filter>
    </ClCompile>
    <ClCompile Include="..\private\Camera_Free.cpp">
      <Filter>02.GameObjects\02.Camera\Camera_Free</Filter>
    </ClCompile>
    <ClCompile Include="..\Private\PlayerState_Sprint.cpp">
      <Filter>02.GameObjects\03.Actor\Player\State\Sprint</Filter>
    </ClCompile>
    <ClCompile Include="..\Private\PlayerState_Attack.cpp">
      <Filter>02.GameObjects\03.Actor\Player\State\Attack</Filter>
    </ClCompile>
    <ClCompile Include="..\Private\PlayerState_GetUp.cpp">
      <Filter>02.GameObjects\03.Actor\Player\State\GetUp</Filter>
    </ClCompile>
    <ClCompile Include="..\Private\PlayerState_Parry.cpp">
      <Filter>02.GameObjects\03.Actor\Player\State\Parry</Filter>
    </ClCompile>
    <ClCompile Include="..\Private\PlayerState_WakeUp.cpp">
      <Filter>02.GameObjects\03.Actor\Player\State\CutScene\Player_WakeUp</Filter>
    </ClCompile>
    <ClCompile Include="..\Private\PlayerState_Dance.cpp">
      <Filter>02.GameObjects\03.Actor\Player\State\CutScene\Player_Dance</Filter>
    </ClCompile>
    <ClCompile Include="..\Private\PlayerState_UsePotion.cpp">
      <Filter>02.GameObjects\03.Actor\Player\State\UsePotion</Filter>
    </ClCompile>
    <ClCompile Include="..\Private\PlayerState_Toss.cpp">
      <Filter>02.GameObjects\03.Actor\Player\State\Toss</Filter>
    </ClCompile>
    <ClCompile Include="..\Private\Player_IAttackStrategy.cpp">
      <Filter>02.GameObjects\03.Actor\Player\State\Attack\AttackStrategy</Filter>
    </ClCompile>
    <ClCompile Include="..\Private\PlayerState_Eat.cpp">
      <Filter>02.GameObjects\03.Actor\Player\State\Eat</Filter>
    </ClCompile>
    <ClCompile Include="..\Private\PlayerState_CoinFlip.cpp">
      <Filter>02.GameObjects\03.Actor\Player\State\CoinFlip</Filter>
    </ClCompile>
    <ClCompile Include="..\Private\PlayerState_Interaction.cpp">
      <Filter>02.GameObjects\03.Actor\Player\State\Interaction</Filter>
    </ClCompile>
    <ClCompile Include="..\Private\PlayerState_Ladder.cpp">
      <Filter>02.GameObjects\03.Actor\Player\State\Ladder</Filter>
    </ClCompile>
    <ClCompile Include="..\private\Camera_TPS.cpp">
      <Filter>02.GameObjects\02.Camera\Camera_TPS</Filter>
    </ClCompile>
    <ClCompile Include="..\private\Body_Player.cpp">
      <Filter>02.GameObjects\03.Actor\Player\Part\Body</Filter>
    </ClCompile>
    <ClCompile Include="..\private\Body_Blob.cpp">
      <Filter>02.GameObjects\03.Actor\Monsters\01.Blob\Body</Filter>
    </ClCompile>
    <ClCompile Include="..\private\Body_SpiderTank.cpp">
      <Filter>02.GameObjects\03.Actor\Monsters\00.Boss\SpiderTank\Body_SpiderTank</Filter>
    </ClCompile>
    <ClCompile Include="..\private\Wizard_Candleabra.cpp">
      <Filter>02.GameObjects\03.Actor\Monsters\02.Wizard\00. Candleabra</Filter>
    </ClCompile>
    <ClCompile Include="..\private\Wizard_Support.cpp">
      <Filter>02.GameObjects\03.Actor\Monsters\02.Wizard\01. Support</Filter>
    </ClCompile>
    <ClCompile Include="..\private\Wizard_Sword.cpp">
      <Filter>02.GameObjects\03.Actor\Monsters\02.Wizard\02. Sword</Filter>
    </ClCompile>
    <ClCompile Include="..\Private\BlobState.cpp">
      <Filter>02.GameObjects\03.Actor\Monsters\01.Blob\State</Filter>
    </ClCompile>
    <ClCompile Include="..\Private\Body_WizardCandleabra.cpp">
      <Filter>02.GameObjects\03.Actor\Monsters\02.Wizard\PartObjects\Body\Candleabra</Filter>
    </ClCompile>
    <ClCompile Include="..\Private\Body_WizardSupport.cpp">
      <Filter>02.GameObjects\03.Actor\Monsters\02.Wizard\PartObjects\Body\Support</Filter>
    </ClCompile>
    <ClCompile Include="..\Private\Body_WizardSword.cpp">
      <Filter>02.GameObjects\03.Actor\Monsters\02.Wizard\PartObjects\Body\Sword</Filter>
    </ClCompile>
    <ClCompile Include="..\Private\Part_WizardCandleabra.cpp">
      <Filter>02.GameObjects\03.Actor\Monsters\02.Wizard\PartObjects\Weapons\Candleabra</Filter>
    </ClCompile>
    <ClCompile Include="..\Private\Part_WizardStaff.cpp">
      <Filter>02.GameObjects\03.Actor\Monsters\02.Wizard\PartObjects\Weapons\Staff</Filter>
    </ClCompile>
    <ClCompile Include="..\private\Part_WizardSword.cpp">
      <Filter>02.GameObjects\03.Actor\Monsters\02.Wizard\PartObjects\Weapons\Sword</Filter>
    </ClCompile>
    <ClCompile Include="..\private\Body_Grass.cpp">
      <Filter>02.GameObjects\05.Environment_Objects\00.Grass\Body</Filter>
    </ClCompile>
    <ClCompile Include="..\Private\Body_Bush.cpp">
      <Filter>02.GameObjects\05.Environment_Objects\01.Bush\Body</Filter>
    </ClCompile>
    <ClCompile Include="..\Private\Body_CheckPoint.cpp">
      <Filter>02.GameObjects\05.Environment_Objects\02.CheckPoint\Body</Filter>
    </ClCompile>
    <ClCompile Include="..\Private\Body_Chest.cpp">
      <Filter>02.GameObjects\05.Environment_Objects\04.Chest\Body</Filter>
    </ClCompile>
    <ClCompile Include="..\private\Wizard_CandleabraState.cpp">
      <Filter>02.GameObjects\03.Actor\Monsters\02.Wizard\State\Candleabra</Filter>
    </ClCompile>
    <ClCompile Include="..\Private\Wizard_SupportState.cpp">
      <Filter>02.GameObjects\03.Actor\Monsters\02.Wizard\State\Support</Filter>
    </ClCompile>
    <ClCompile Include="..\Private\Wizard_SwordState.cpp">
      <Filter>02.GameObjects\03.Actor\Monsters\02.Wizard\State\Sword</Filter>
    </ClCompile>
    <ClCompile Include="..\private\Sky.cpp">
      <Filter>02.GameObjects\01.BackGround\02.Sky</Filter>
    </ClCompile>
    <ClCompile Include="..\Private\SpiderTankState_Idle.cpp">
      <Filter>02.GameObjects\03.Actor\Monsters\00.Boss\SpiderTank\State\Idle</Filter>
    </ClCompile>
    <ClCompile Include="..\Private\SpiderTankState_Move.cpp">
      <Filter>02.GameObjects\03.Actor\Monsters\00.Boss\SpiderTank\State\Move</Filter>
    </ClCompile>
    <ClCompile Include="..\Private\SpiderTankState_Attack.cpp">
      <Filter>02.GameObjects\03.Actor\Monsters\00.Boss\SpiderTank\State\Attack</Filter>
    </ClCompile>
    <ClCompile Include="..\Private\SpiderTankState_Hit.cpp">
      <Filter>02.GameObjects\03.Actor\Monsters\00.Boss\SpiderTank\State\Hit</Filter>
    </ClCompile>
    <ClCompile Include="..\private\Bullet.cpp">
      <Filter>02.GameObjects\07.Bullet</Filter>
    </ClCompile>
    <ClCompile Include="..\private\Bullet_SpiderTankOrb.cpp">
      <Filter>02.GameObjects\07.Bullet\Monster\Bullet_SpiderTank\SpiderTankOrb</Filter>
    </ClCompile>
    <ClCompile Include="..\private\Bullet_SpiderTank.cpp">
      <Filter>02.GameObjects\07.Bullet\Monster\Bullet_SpiderTank\SpiderTankBullet</Filter>
    </ClCompile>
    <ClCompile Include="..\private\Bullet_Monster.cpp">
      <Filter>02.GameObjects\07.Bullet\Monster</Filter>
    </ClCompile>
    <ClCompile Include="..\private\Camera_CutScene.cpp">
      <Filter>02.GameObjects\02.Camera\Camera_CutScene</Filter>
    </ClCompile>
    <ClCompile Include="..\private\Wizard_Weapon.cpp">
      <Filter>02.GameObjects\03.Actor\Monsters\02.Wizard\PartObjects\Weapons</Filter>
    </ClCompile>
    <ClCompile Include="..\private\Body_Wizard.cpp">
      <Filter>02.GameObjects\03.Actor\Monsters\02.Wizard\PartObjects\Body</Filter>
    </ClCompile>
    <ClCompile Include="..\private\Body_Environment_Object.cpp">
      <Filter>02.GameObjects\05.Environment_Objects\Body</Filter>
    </ClCompile>
    <ClCompile Include="..\private\Part_Player.cpp">
      <Filter>02.GameObjects\03.Actor\Player\Part</Filter>
    </ClCompile>
    <ClCompile Include="..\private\Wizard.cpp">
      <Filter>02.GameObjects\03.Actor\Monsters\02.Wizard</Filter>
    </ClCompile>
    <ClCompile Include="..\private\Wizard_Support_AOE.cpp">
      <Filter>02.GameObjects\07.Bullet\Monster\AOE\Wizard_Support_AOE</Filter>
    </ClCompile>
    <ClCompile Include="..\private\Bullet_SpiderTankLager.cpp">
      <Filter>02.GameObjects\07.Bullet\Monster\Bullet_SpiderTank\SpiderTankLager</Filter>
    </ClCompile>
    <ClCompile Include="..\Private\Bullet_Monster_AOE.cpp">
      <Filter>02.GameObjects\07.Bullet\Monster\AOE</Filter>
    </ClCompile>
    <ClCompile Include="..\Private\Weapon_Player.cpp">
      <Filter>02.GameObjects\03.Actor\Player\Part\Weapon</Filter>
    </ClCompile>
    <ClCompile Include="..\private\BaseActor.cpp">
      <Filter>02.GameObjects\03.Actor</Filter>
    </ClCompile>
    <ClCompile Include="..\private\Tool_Navigation.cpp">
      <Filter>96.Tools\01.Navigation</Filter>
    </ClCompile>
    <ClCompile Include="..\private\UI2D_PlayerHPBar.cpp">
      <Filter>02.GameObjects\00.UI\02.PlayerState\Bar\00. HpBar</Filter>
    </ClCompile>
    <ClCompile Include="..\private\UI2D_PlayerPotion.cpp">
      <Filter>02.GameObjects\00.UI\02.PlayerState\Potion</Filter>
    </ClCompile>
    <ClCompile Include="..\private\UI_Animation.cpp">
      <Filter>02.GameObjects\00.UI\Container\Part\UI\UI_Animation</Filter>
    </ClCompile>
    <ClCompile Include="..\private\UI2D_PlayerSPBar.cpp">
      <Filter>02.GameObjects\00.UI\02.PlayerState\Bar\01. SPBar</Filter>
    </ClCompile>
    <ClCompile Include="..\private\UI2D_PlayerMPBar.cpp">
      <Filter>02.GameObjects\00.UI\02.PlayerState\Bar\02. MPBar</Filter>
    </ClCompile>
    <ClCompile Include="..\private\UI2D_PlayerItemSlots.cpp">
      <Filter>02.GameObjects\00.UI\02.PlayerState\ItemSlots</Filter>
    </ClCompile>
    <ClCompile Include="..\private\UI2D_Inventory.cpp">
      <Filter>02.GameObjects\00.UI\02.PlayerState\Inventory</Filter>
    </ClCompile>
    <ClCompile Include="..\private\UI3D_MobHPBar.cpp">
      <Filter>02.GameObjects\00.UI\04.MobState\HpBar</Filter>
    </ClCompile>
    <ClCompile Include="..\private\UI3D_LockOn.cpp">
      <Filter>02.GameObjects\00.UI\04.MobState\LockOn</Filter>
    </ClCompile>
    <ClCompile Include="..\private\UIContainerPart.cpp">
      <Filter>02.GameObjects\00.UI\Container</Filter>
    </ClCompile>
    <ClCompile Include="..\private\UI2D_BossHpBar.cpp">
      <Filter>02.GameObjects\00.UI\03.BossState</Filter>
    </ClCompile>
    <ClCompile Include="..\private\Inventory.cpp">
      <Filter>02.GameObjects\03.Actor\Player\Inventory</Filter>
    </ClCompile>
    <ClCompile Include="..\private\UI2D_InventorySlot.cpp">
      <Filter>02.GameObjects\00.UI\02.PlayerState\Inventory\InventorySlot</Filter>
    </ClCompile>
    <ClCompile Include="..\private\UI3D_Interaction.cpp">
      <Filter>02.GameObjects\00.UI\05.Interaction\Interaction</Filter>
    </ClCompile>
    <ClCompile Include="..\private\UI2D_Reward.cpp">
      <Filter>02.GameObjects\00.UI\05.Interaction\Reward</Filter>
    </ClCompile>
    <ClCompile Include="..\private\Body_Item.cpp">
      <Filter>02.GameObjects\06.Item\Part\Body</Filter>
    </ClCompile>
    <ClCompile Include="..\private\Item_Coin.cpp">
      <Filter>02.GameObjects\06.Item\Item_Coin</Filter>
    </ClCompile>
    <ClCompile Include="..\private\Item_FireCracker.cpp">
      <Filter>02.GameObjects\06.Item\Item_FireCracker</Filter>
    </ClCompile>
    <ClCompile Include="..\private\Item_Potion.cpp">
      <Filter>02.GameObjects\06.Item\Item_Potion</Filter>
    </ClCompile>
    <ClCompile Include="..\private\Item_Berry.cpp">
      <Filter>02.GameObjects\06.Item\Item_Berry</Filter>
    </ClCompile>
    <ClCompile Include="..\private\Item_BlueBerry.cpp">
      <Filter>02.GameObjects\06.Item\Item_BlueBerry</Filter>
    </ClCompile>
    <ClCompile Include="..\private\Item_CoinQuestion.cpp">
      <Filter>02.GameObjects\06.Item\Item_CoinQuestion</Filter>
    </ClCompile>
    <ClCompile Include="..\private\Bullet_FireCracker.cpp">
      <Filter>02.GameObjects\07.Bullet\FireCracker</Filter>
    </ClCompile>
    <ClCompile Include="..\private\Effect_Obj.cpp">
      <Filter>02.GameObjects\08.Effect\Object</Filter>
    </ClCompile>
    <ClCompile Include="..\private\Effect_Part.cpp">
      <Filter>02.GameObjects\08.Effect\Container\Particle</Filter>
    </ClCompile>
    <ClCompile Include="..\private\Tool_Effect.cpp">
      <Filter>96.Tools\02.Effect</Filter>
    </ClCompile>
    <ClCompile Include="..\private\Particle_Tool.cpp">
      <Filter>02.GameObjects\08.Effect\Tool</Filter>
    </ClCompile>
    <ClCompile Include="..\private\UI.cpp">
      <Filter>02.GameObjects\00.UI\Container\Part\UI</Filter>
    </ClCompile>
    <ClCompile Include="..\private\UI_Sprite.cpp">
      <Filter>02.GameObjects\00.UI\Container\Part\UI\UI_Sprite</Filter>
    </ClCompile>
    <ClCompile Include="..\private\UI3D_PlayerSweat.cpp">
      <Filter>02.GameObjects\00.UI\02.PlayerState\Sweat</Filter>
    </ClCompile>
    <ClCompile Include="..\private\Effect_Mesh_Dodge.cpp">
      <Filter>02.GameObjects\08.Effect\00. PlayerEffect\Dash</Filter>
    </ClCompile>
    <ClCompile Include="..\private\EffectContainerPart.cpp">
      <Filter>02.GameObjects\08.Effect\Container</Filter>
    </ClCompile>
    <ClCompile Include="..\private\Effect_Potion.cpp">
      <Filter>02.GameObjects\08.Effect\00. PlayerEffect\Potion</Filter>
    </ClCompile>
    <ClCompile Include="..\private\Effect_Dagger.cpp">
      <Filter>02.GameObjects\08.Effect\00. PlayerEffect\Weapon\Dagger</Filter>
    </ClCompile>
    <ClCompile Include="..\private\Effect_Hit.cpp">
      <Filter>02.GameObjects\08.Effect\01. MonsterEffect\Hit</Filter>
    </ClCompile>
    <ClCompile Include="..\private\Effect_Mesh_Smoke.cpp">
      <Filter>02.GameObjects\08.Effect\01. MonsterEffect\Smoke</Filter>
    </ClCompile>
    <ClCompile Include="..\private\Effect_Part_Mesh.cpp">
      <Filter>02.GameObjects\08.Effect\Container\Mesh\Part</Filter>
    </ClCompile>
    <ClCompile Include="..\private\Effect_Obj_Mesh.cpp">
      <Filter>02.GameObjects\08.Effect\Container\Mesh\Object</Filter>
    </ClCompile>
    <ClCompile Include="..\private\Effect_AnimMesh_Ice.cpp">
      <Filter>02.GameObjects\08.Effect\Container\Mesh\Anim\Part\Ice</Filter>
    </ClCompile>
    <ClCompile Include="..\private\Effect_BossSteam.cpp">
      <Filter>02.GameObjects\08.Effect\02. BossEffect\BossSteam</Filter>
    </ClCompile>
    <ClCompile Include="..\private\Effect_BossBullet.cpp">
      <Filter>02.GameObjects\08.Effect\02. BossEffect\BossBullet</Filter>
    </ClCompile>
    <ClCompile Include="..\Private\GlobalShadow.cpp">
      <Filter>03.Shadow</Filter>
    </ClCompile>
    <ClCompile Include="..\private\Effect_Mesh_BossMuzzle.cpp">
      <Filter>02.GameObjects\08.Effect\02. BossEffect\BossBullet\Mesh_Muzzle</Filter>
    </ClCompile>
    <ClCompile Include="..\Private\Effect_BossSwing.cpp">
      <Filter>02.GameObjects\08.Effect\02. BossEffect\BossSwing</Filter>
    </ClCompile>
    <ClCompile Include="..\private\Effect_BossLager.cpp">
      <Filter>02.GameObjects\08.Effect\02. BossEffect\BossLager</Filter>
    </ClCompile>
    <ClCompile Include="..\private\Effect_Mesh_BossLager.cpp">
      <Filter>02.GameObjects\08.Effect\02. BossEffect\BossLager\Effect_Mesh_BossLager</Filter>
    </ClCompile>
    <ClCompile Include="..\private\Effect_AnimMesh_Explosion.cpp">
      <Filter>02.GameObjects\08.Effect\Container\Mesh\Anim\Obj\Explosion</Filter>
    </ClCompile>
    <ClCompile Include="..\private\Effect_Part_AnimMesh.cpp">
      <Filter>02.GameObjects\08.Effect\Container\Mesh\Anim\Part</Filter>
    </ClCompile>
    <ClCompile Include="..\private\Effect_Obj_AnimMesh.cpp">
      <Filter>02.GameObjects\08.Effect\Container\Mesh\Anim\Obj</Filter>
    </ClCompile>
    <ClCompile Include="..\private\Effect_Mesh_Firecracker_Smoke.cpp">
      <Filter>02.GameObjects\08.Effect\03. BulletEffect\FirecrackersEffect</Filter>
    </ClCompile>
    <ClCompile Include="..\private\Bridge.cpp">
      <Filter>02.GameObjects\05.Environment_Objects\05.Bridge</Filter>
    </ClCompile>
    <ClCompile Include="..\private\Body_Bridge.cpp">
      <Filter>02.GameObjects\05.Environment_Objects\05.Bridge\Body</Filter>
    </ClCompile>
    <ClCompile Include="..\private\Trigger.cpp">
      <Filter>02.GameObjects\09.Trigger</Filter>
    </ClCompile>
    <ClCompile Include="..\private\Merchant.cpp">
      <Filter>02.GameObjects\03.Actor\Monsters\03.Merchant</Filter>
    </ClCompile>
    <ClCompile Include="..\private\Body_Merchant.cpp">
      <Filter>02.GameObjects\03.Actor\Monsters\03.Merchant\Body</Filter>
    </ClCompile>
    <ClCompile Include="..\private\MerchantState.cpp">
      <Filter>02.GameObjects\03.Actor\Monsters\03.Merchant\State</Filter>
    </ClCompile>
    <ClCompile Include="..\private\UI2D_Purchase.cpp">
      <Filter>02.GameObjects\00.UI\05.Interaction\Price</Filter>
    </ClCompile>
    <ClCompile Include="..\private\LoadingScene.cpp">
      <Filter>02.GameObjects\01.BackGround\03.LoadingScene</Filter>
    </ClCompile>
  </ItemGroup>
  <ItemGroup>
    <FxCompile Include="..\Bin\ShaderFiles\Shader_VtxPosTex.hlsl">
      <Filter>97.ShaderFiles</Filter>
    </FxCompile>
    <FxCompile Include="..\Bin\ShaderFiles\Shader_VtxNorTex.hlsl">
      <Filter>97.ShaderFiles</Filter>
    </FxCompile>
    <FxCompile Include="..\Bin\ShaderFiles\Shader_VtxMesh.hlsl">
      <Filter>97.ShaderFiles</Filter>
    </FxCompile>
    <FxCompile Include="..\Bin\ShaderFiles\Shader_VtxAnimMesh.hlsl">
      <Filter>97.ShaderFiles</Filter>
    </FxCompile>
    <FxCompile Include="..\Bin\ShaderFiles\Shader_VtxCube.hlsl">
      <Filter>97.ShaderFiles</Filter>
    </FxCompile>
    <FxCompile Include="..\Bin\ShaderFiles\Shader_VtxPointInstance.hlsl">
      <Filter>97.ShaderFiles</Filter>
    </FxCompile>
    <FxCompile Include="..\Bin\ShaderFiles\Shader_VtxRectInstance.hlsl">
      <Filter>97.ShaderFiles</Filter>
    </FxCompile>
    <FxCompile Include="..\Bin\ShaderFiles\Shader_VtxMeshInstance.hlsl">
      <Filter>97.ShaderFiles</Filter>
    </FxCompile>
    <FxCompile Include="..\Bin\ShaderFiles\Shader_VtxMeshParticleInstance.hlsl">
      <Filter>97.ShaderFiles</Filter>
    </FxCompile>
  </ItemGroup>
</Project>