<?xml version="1.0" encoding="utf-8"?>
<Project ToolsVersion="4.0" xmlns="http://schemas.microsoft.com/developer/msbuild/2003">
  <ItemGroup>
    <Filter Include="98.Default">
      <UniqueIdentifier>{e4b14c11-52df-475b-b837-3a232685c010}</UniqueIdentifier>
    </Filter>
    <Filter Include="99.Defines">
      <UniqueIdentifier>{72444e1a-0502-4c74-8392-c8e6a1e89ed0}</UniqueIdentifier>
    </Filter>
    <Filter Include="00.MainApp">
      <UniqueIdentifier>{ffac1f7d-cb22-4ce8-a7fd-43cfb62fb4db}</UniqueIdentifier>
    </Filter>
    <Filter Include="98.Default\ImGui">
      <UniqueIdentifier>{3b343540-35d5-43e2-a8bd-eef56e077afc}</UniqueIdentifier>
    </Filter>
    <Filter Include="97.ShaderFiles">
      <UniqueIdentifier>{8b389071-2970-486f-ae35-dfa68ad7e440}</UniqueIdentifier>
    </Filter>
    <Filter Include="01.Levels">
      <UniqueIdentifier>{3b3aeff7-5170-4d23-a6bc-ca661d804d84}</UniqueIdentifier>
    </Filter>
    <Filter Include="01.Levels\Logo">
      <UniqueIdentifier>{fc8ef11a-d4da-4fb2-acd6-da87cf54da78}</UniqueIdentifier>
    </Filter>
    <Filter Include="01.Levels\Loading">
      <UniqueIdentifier>{d77e9a5c-f9dd-469f-9e4a-e102f2dc83a4}</UniqueIdentifier>
    </Filter>
    <Filter Include="01.Levels\Loading\Loader">
      <UniqueIdentifier>{09b33f93-851a-4e38-8e8a-83626e4878cb}</UniqueIdentifier>
    </Filter>
    <Filter Include="02.GameObjects">
      <UniqueIdentifier>{20fdda87-6d06-4fb1-94f1-5b9d3e443aa5}</UniqueIdentifier>
    </Filter>
    <Filter Include="02.GameObjects\00.UI">
      <UniqueIdentifier>{cee8699e-142b-4541-9af4-e12332fd0eb4}</UniqueIdentifier>
    </Filter>
    <Filter Include="02.GameObjects\00.UI\00.BackGround">
      <UniqueIdentifier>{517eb494-a7a3-40c2-95e0-858f13d8d0a9}</UniqueIdentifier>
    </Filter>
    <Filter Include="02.GameObjects\01.Terrain">
      <UniqueIdentifier>{78620c5c-7bbf-48ed-83e1-2b4beaeb7d27}</UniqueIdentifier>
    </Filter>
    <Filter Include="02.GameObjects\02.Camera">
      <UniqueIdentifier>{f62598e1-b116-413f-9218-fbb7221cbdd0}</UniqueIdentifier>
    </Filter>
    <Filter Include="02.GameObjects\03.Monsters">
      <UniqueIdentifier>{37157f77-26db-43b1-91fa-7f5d56fed923}</UniqueIdentifier>
    </Filter>
    <Filter Include="02.GameObjects\00.UI\01.Button">
      <UniqueIdentifier>{e8dd86c2-6ab2-4d41-ad8a-a62041ad8fbb}</UniqueIdentifier>
    </Filter>
    <Filter Include="02.GameObjects\00.UI\02.PlayerState">
      <UniqueIdentifier>{acdd028d-888d-43d1-96ea-514ea2c6ee04}</UniqueIdentifier>
    </Filter>
    <Filter Include="02.GameObjects\00.UI\02.PlayerState\00. Hp_Bar">
      <UniqueIdentifier>{60c9200d-6118-4587-9ee0-1bcb3f52c367}</UniqueIdentifier>
    </Filter>
    <Filter Include="02.GameObjects\00.UI\02.PlayerState\01. Stamina_Bar">
      <UniqueIdentifier>{fa8a6485-6e60-4186-aec4-b9d0b8a4e8ce}</UniqueIdentifier>
    </Filter>
    <Filter Include="02.GameObjects\00.UI\02.PlayerState\02. Mana_Bar">
      <UniqueIdentifier>{76ade142-3387-45f1-8a26-dffaefe60af0}</UniqueIdentifier>
    </Filter>
    <Filter Include="02.GameObjects\00.UI\02.PlayerState\03. Using_Item">
      <UniqueIdentifier>{236863ca-b3a3-4988-bc0e-547467f75ba8}</UniqueIdentifier>
    </Filter>
    <Filter Include="02.GameObjects\00.UI\02.PlayerState\04. Potion">
      <UniqueIdentifier>{e0a56d88-4553-40f7-b364-a16b07c8efe4}</UniqueIdentifier>
    </Filter>
    <Filter Include="02.GameObjects\00.UI\03.BossState">
      <UniqueIdentifier>{8d2a32b5-60a5-41c9-93a6-afbbed0d7829}</UniqueIdentifier>
    </Filter>
    <Filter Include="02.GameObjects\00.UI\04.MobState">
      <UniqueIdentifier>{33264931-0c65-41a0-9a43-974ab3204344}</UniqueIdentifier>
    </Filter>
    <Filter Include="02.GameObjects\04.Map">
      <UniqueIdentifier>{26dc3e7e-1574-4f70-90af-5b0c5848f0ef}</UniqueIdentifier>
    </Filter>
    <Filter Include="02.GameObjects\04.Map\00.Courtyard">
      <UniqueIdentifier>{ee6b9821-d2cd-4a6e-8ee5-9a6c73fe0a0f}</UniqueIdentifier>
    </Filter>
    <Filter Include="02.GameObjects\04.Map\02.Arena">
      <UniqueIdentifier>{1922877c-92a0-4558-9d05-567519a7ec2f}</UniqueIdentifier>
    </Filter>
    <Filter Include="02.GameObjects\04.Map\01.Main">
      <UniqueIdentifier>{1c64d770-9a05-4831-abdd-84cf98a096a5}</UniqueIdentifier>
    </Filter>
    <Filter Include="03.Tools">
      <UniqueIdentifier>{7812b788-45ee-4a11-b8cc-777b8842ec37}</UniqueIdentifier>
    </Filter>
    <Filter Include="03.Tools\00. MapTool">
      <UniqueIdentifier>{ae8c8b7d-fa3f-4ba0-b00a-d9b3ca93886a}</UniqueIdentifier>
    </Filter>
    <Filter Include="02.GameObjects\05.Environment_Objects">
      <UniqueIdentifier>{d5f68ddd-4dc1-4375-b941-64b6d6e60b6c}</UniqueIdentifier>
    </Filter>
    <Filter Include="02.GameObjects\05.Environment_Objects\01.Bush">
      <UniqueIdentifier>{01fcf423-8e55-44eb-a414-6872db827ffb}</UniqueIdentifier>
    </Filter>
    <Filter Include="02.GameObjects\05.Environment_Objects\00.Grass">
      <UniqueIdentifier>{3121e689-921e-4fd9-baf6-33489b7b51e0}</UniqueIdentifier>
    </Filter>
    <Filter Include="02.GameObjects\05.Environment_Objects\02.CheckPoint">
      <UniqueIdentifier>{2d7b8845-30fa-4f80-b368-7a9173d644e4}</UniqueIdentifier>
    </Filter>
    <Filter Include="02.GameObjects\05.Environment_Objects\03.Urn">
      <UniqueIdentifier>{39f69328-8513-4c21-a989-c392db825a8a}</UniqueIdentifier>
    </Filter>
    <Filter Include="02.GameObjects\05.Environment_Objects\03.Urn\Urn">
      <UniqueIdentifier>{186e6e0c-0b67-49a4-9d17-0257a67c45fe}</UniqueIdentifier>
    </Filter>
    <Filter Include="02.GameObjects\05.Environment_Objects\03.Urn\Urn_Smash">
      <UniqueIdentifier>{fe091b8f-b404-41ff-8891-76247acf3b81}</UniqueIdentifier>
    </Filter>
    <Filter Include="02.GameObjects\05.Environment_Objects\03.Urn\Urn_Firey">
      <UniqueIdentifier>{45438d73-7194-460e-bcbe-e351b8bd8b64}</UniqueIdentifier>
    </Filter>
    <Filter Include="01.Levels\Tools">
      <UniqueIdentifier>{83f920ac-2c4c-4a14-9b66-269354c366cf}</UniqueIdentifier>
    </Filter>
    <Filter Include="02.GameObjects\04.Map\03.Shop">
      <UniqueIdentifier>{de916087-4383-40af-97a1-a29776f147fd}</UniqueIdentifier>
    </Filter>
    <Filter Include="01.Levels\01.Main">
      <UniqueIdentifier>{0b6efbed-7531-4b59-950d-fdf544f349ba}</UniqueIdentifier>
    </Filter>
    <Filter Include="01.Levels\00.Courtyard">
      <UniqueIdentifier>{f3dfb631-d45a-48ca-8e5f-c4776009a0f8}</UniqueIdentifier>
    </Filter>
    <Filter Include="01.Levels\02.Arena">
      <UniqueIdentifier>{75bdb590-860d-44a4-81df-40fed26ccf41}</UniqueIdentifier>
    </Filter>
    <Filter Include="01.Levels\03.Shop">
      <UniqueIdentifier>{761424b8-9ac0-46f5-b977-1d3a3173d8c7}</UniqueIdentifier>
    </Filter>
    <Filter Include="02.GameObjects\06.Pawn">
      <UniqueIdentifier>{0e7e22ae-55e2-4055-bb15-87dc015faf1c}</UniqueIdentifier>
    </Filter>
    <Filter Include="02.GameObjects\06.Pawn\Player">
      <UniqueIdentifier>{1c5abdf3-a3a6-4378-b0e1-ad6e2baf21c9}</UniqueIdentifier>
    </Filter>
    <Filter Include="02.GameObjects\07.Item">
      <UniqueIdentifier>{29546516-6976-45a7-a29a-c550732e34b0}</UniqueIdentifier>
    </Filter>
    <Filter Include="02.GameObjects\05.Environment_Objects\04.Chest">
      <UniqueIdentifier>{226a477c-3d92-46e4-a670-4e0c14407949}</UniqueIdentifier>
    </Filter>
    <Filter Include="02.GameObjects\03.Monsters\Boss">
      <UniqueIdentifier>{dbc32e9b-e215-4745-8fe0-80dda19bc6fb}</UniqueIdentifier>
    </Filter>
    <Filter Include="02.GameObjects\03.Monsters\Boss\SpiderTank">
      <UniqueIdentifier>{a5c78964-11df-4c62-8091-4d1601d4807d}</UniqueIdentifier>
    </Filter>
    <Filter Include="02.GameObjects\03.Monsters\00. Blob">
      <UniqueIdentifier>{6dd7fe3a-3db7-407b-b5dd-a1760c529641}</UniqueIdentifier>
    </Filter>
    <Filter Include="02.GameObjects\07.Item\Item_Potion">
      <UniqueIdentifier>{fe3331e5-52de-4c49-b3f2-cdb5cce4e38d}</UniqueIdentifier>
    </Filter>
    <Filter Include="02.GameObjects\06.Pawn\Player\PlayerState">
      <UniqueIdentifier>{fd392b1e-16e0-4bb9-8427-f6f1c3b47ff7}</UniqueIdentifier>
    </Filter>
    <Filter Include="02.GameObjects\06.Pawn\Player\Player_Idle">
      <UniqueIdentifier>{a55b01da-4705-44b3-b57b-18d47a028e64}</UniqueIdentifier>
    </Filter>
    <Filter Include="02.GameObjects\06.Pawn\Player\Player_Dodge">
      <UniqueIdentifier>{c6ca0069-05ad-4b21-bcb2-48dc9f71546b}</UniqueIdentifier>
    </Filter>
    <Filter Include="02.GameObjects\06.Pawn\Player\Player_Move">
      <UniqueIdentifier>{ef6a9a5a-e06f-40e1-ad2d-1d97a5ec2c59}</UniqueIdentifier>
    </Filter>
    <Filter Include="02.GameObjects\06.Pawn\Player\Player_Attack">
      <UniqueIdentifier>{8cbbb533-4d5e-4e18-b376-9df44255655e}</UniqueIdentifier>
    </Filter>
    <Filter Include="02.GameObjects\06.Pawn\Player\Player_Attack\AttackComboLogic">
      <UniqueIdentifier>{22fc8cc2-bb25-4873-b8ab-bfc59d669a50}</UniqueIdentifier>
    </Filter>
    <Filter Include="02.GameObjects\06.Pawn\Player\Player_Hit">
      <UniqueIdentifier>{3c1e4225-e571-405d-8b89-99b883633c26}</UniqueIdentifier>
    </Filter>
    <Filter Include="02.GameObjects\06.Pawn\Player\Player_Die">
      <UniqueIdentifier>{ce1a33ce-3caf-46e6-9981-67d239273594}</UniqueIdentifier>
    </Filter>
  </ItemGroup>
  <ItemGroup>
    <ClInclude Include="Client.h">
      <Filter>98.Default</Filter>
    </ClInclude>
    <ClInclude Include="framework.h">
      <Filter>98.Default</Filter>
    </ClInclude>
    <ClInclude Include="Resource.h">
      <Filter>98.Default</Filter>
    </ClInclude>
    <ClInclude Include="targetver.h">
      <Filter>98.Default</Filter>
    </ClInclude>
    <ClInclude Include="..\Public\Client_Defines.h">
      <Filter>99.Defines</Filter>
    </ClInclude>
    <ClInclude Include="..\Public\Client_Enum.h">
      <Filter>99.Defines</Filter>
    </ClInclude>
    <ClInclude Include="..\Public\Level_Loading.h">
      <Filter>01.Levels\Loading</Filter>
    </ClInclude>
    <ClInclude Include="..\Public\Loader.h">
      <Filter>01.Levels\Loading\Loader</Filter>
    </ClInclude>
    <ClInclude Include="..\Public\Level_Logo.h">
      <Filter>01.Levels\Logo</Filter>
    </ClInclude>
    <ClInclude Include="..\public\MainApp.h">
      <Filter>00.MainApp</Filter>
    </ClInclude>
    <ClInclude Include="..\public\Level_Tools.h">
      <Filter>01.Levels\Tools</Filter>
    </ClInclude>
    <ClInclude Include="..\Public\BackGround.h">
      <Filter>02.GameObjects\00.UI\00.BackGround</Filter>
    </ClInclude>
    <ClInclude Include="ImGui\imconfig.h">
      <Filter>98.Default\ImGui</Filter>
    </ClInclude>
    <ClInclude Include="ImGui\imgui.h">
      <Filter>98.Default\ImGui</Filter>
    </ClInclude>
    <ClInclude Include="ImGui\backends\imgui_impl_dx11.h">
      <Filter>98.Default\ImGui</Filter>
    </ClInclude>
    <ClInclude Include="ImGui\backends\imgui_impl_win32.h">
      <Filter>98.Default\ImGui</Filter>
    </ClInclude>
    <ClInclude Include="ImGui\imgui_internal.h">
      <Filter>98.Default\ImGui</Filter>
    </ClInclude>
    <ClInclude Include="ImGui\ImGuizmo.h">
      <Filter>98.Default\ImGui</Filter>
    </ClInclude>
    <ClInclude Include="ImGui\imstb_rectpack.h">
      <Filter>98.Default\ImGui</Filter>
    </ClInclude>
    <ClInclude Include="ImGui\imstb_textedit.h">
      <Filter>98.Default\ImGui</Filter>
    </ClInclude>
    <ClInclude Include="ImGui\imstb_truetype.h">
      <Filter>98.Default\ImGui</Filter>
    </ClInclude>
    <ClInclude Include="..\Public\Client_Macro.h">
      <Filter>99.Defines</Filter>
    </ClInclude>
    <ClInclude Include="..\Public\UI.h">
      <Filter>02.GameObjects\00.UI</Filter>
    </ClInclude>
    <ClInclude Include="..\public\Button.h">
      <Filter>02.GameObjects\00.UI\01.Button</Filter>
    </ClInclude>
    <ClInclude Include="..\public\Terrain.h">
      <Filter>02.GameObjects\01.Terrain</Filter>
    </ClInclude>
    <ClInclude Include="ImGui\ImGuiFileDialog.h">
      <Filter>98.Default\ImGui</Filter>
    </ClInclude>
    <ClInclude Include="ImGui\ImGuiFileDialogConfig.h">
      <Filter>98.Default\ImGui</Filter>
    </ClInclude>
    <ClInclude Include="..\public\Camera_Free.h">
      <Filter>02.GameObjects\02.Camera</Filter>
    </ClInclude>
    <ClInclude Include="..\public\Monster.h">
      <Filter>02.GameObjects\03.Monsters</Filter>
    </ClInclude>
    <ClInclude Include="..\public\Boss.h">
      <Filter>02.GameObjects\03.Monsters\Boss</Filter>
    </ClInclude>
    <ClInclude Include="..\public\SpiderTank.h">
      <Filter>02.GameObjects\03.Monsters\Boss\SpiderTank</Filter>
    </ClInclude>
    <ClInclude Include="..\public\Map.h">
      <Filter>02.GameObjects\04.Map</Filter>
    </ClInclude>
    <ClInclude Include="..\public\Courtyard.h">
      <Filter>02.GameObjects\04.Map\00.Courtyard</Filter>
    </ClInclude>
    <ClInclude Include="..\public\Tool.h">
      <Filter>03.Tools</Filter>
    </ClInclude>
    <ClInclude Include="..\public\MapTool.h">
      <Filter>03.Tools\00. MapTool</Filter>
    </ClInclude>
    <ClInclude Include="..\public\Arena.h">
      <Filter>02.GameObjects\04.Map\02.Arena</Filter>
    </ClInclude>
    <ClInclude Include="..\public\Main.h">
      <Filter>02.GameObjects\04.Map\01.Main</Filter>
    </ClInclude>
    <ClInclude Include="..\public\Environment_Object.h">
      <Filter>02.GameObjects\05.Environment_Objects</Filter>
    </ClInclude>
    <ClInclude Include="..\public\Grass.h">
      <Filter>02.GameObjects\05.Environment_Objects\00.Grass</Filter>
    </ClInclude>
    <ClInclude Include="..\public\Bush.h">
      <Filter>02.GameObjects\05.Environment_Objects\01.Bush</Filter>
    </ClInclude>
    <ClInclude Include="..\public\CheckPoint.h">
      <Filter>02.GameObjects\05.Environment_Objects\02.CheckPoint</Filter>
    </ClInclude>
    <ClInclude Include="..\public\Shop.h">
      <Filter>02.GameObjects\04.Map\03.Shop</Filter>
    </ClInclude>
    <ClInclude Include="..\Public\Level_Courtyard.h">
      <Filter>01.Levels\00.Courtyard</Filter>
    </ClInclude>
    <ClInclude Include="..\public\Level_Main.h">
      <Filter>01.Levels\01.Main</Filter>
    </ClInclude>
    <ClInclude Include="..\public\Level_Arena.h">
      <Filter>01.Levels\02.Arena</Filter>
    </ClInclude>
    <ClInclude Include="..\public\Level_Shop.h">
      <Filter>01.Levels\03.Shop</Filter>
    </ClInclude>
    <ClInclude Include="..\public\Pawn.h">
      <Filter>02.GameObjects\06.Pawn</Filter>
    </ClInclude>
    <ClInclude Include="..\public\Player.h">
      <Filter>02.GameObjects\06.Pawn\Player</Filter>
    </ClInclude>
    <ClInclude Include="..\public\Blob.h">
      <Filter>02.GameObjects\03.Monsters\00. Blob</Filter>
    </ClInclude>
    <ClInclude Include="..\public\Chest.h">
      <Filter>02.GameObjects\05.Environment_Objects\04.Chest</Filter>
    </ClInclude>
    <ClInclude Include="..\public\Item.h">
      <Filter>02.GameObjects\07.Item</Filter>
    </ClInclude>
    <ClInclude Include="..\public\Potion.h">
      <Filter>02.GameObjects\07.Item\Item_Potion</Filter>
    </ClInclude>
    <ClInclude Include="..\Public\PlayerState.h">
      <Filter>02.GameObjects\06.Pawn\Player\PlayerState</Filter>
    </ClInclude>
  </ItemGroup>
  <ItemGroup>
    <Image Include="Client.ico">
      <Filter>98.Default</Filter>
    </Image>
    <Image Include="small.ico">
      <Filter>98.Default</Filter>
    </Image>
  </ItemGroup>
  <ItemGroup>
    <ResourceCompile Include="Client.rc">
      <Filter>98.Default</Filter>
    </ResourceCompile>
  </ItemGroup>
  <ItemGroup>
    <ClCompile Include="Client.cpp">
      <Filter>98.Default</Filter>
    </ClCompile>
    <ClCompile Include="..\Private\Level_Loading.cpp">
      <Filter>01.Levels\Loading</Filter>
    </ClCompile>
    <ClCompile Include="..\Private\Loader.cpp">
      <Filter>01.Levels\Loading\Loader</Filter>
    </ClCompile>
    <ClCompile Include="..\Private\Level_Logo.cpp">
      <Filter>01.Levels\Logo</Filter>
    </ClCompile>
    <ClCompile Include="..\private\MainApp.cpp">
      <Filter>00.MainApp</Filter>
    </ClCompile>
    <ClCompile Include="..\private\Level_Tools.cpp">
      <Filter>01.Levels\Tools</Filter>
    </ClCompile>
    <ClCompile Include="..\Private\BackGround.cpp">
      <Filter>02.GameObjects\00.UI\00.BackGround</Filter>
    </ClCompile>
    <ClCompile Include="ImGui\imgui.cpp">
      <Filter>98.Default\ImGui</Filter>
    </ClCompile>
    <ClCompile Include="ImGui\imgui_demo.cpp">
      <Filter>98.Default\ImGui</Filter>
    </ClCompile>
    <ClCompile Include="ImGui\imgui_draw.cpp">
      <Filter>98.Default\ImGui</Filter>
    </ClCompile>
    <ClCompile Include="ImGui\backends\imgui_impl_dx11.cpp">
      <Filter>98.Default\ImGui</Filter>
    </ClCompile>
    <ClCompile Include="ImGui\backends\imgui_impl_win32.cpp">
      <Filter>98.Default\ImGui</Filter>
    </ClCompile>
    <ClCompile Include="ImGui\imgui_tables.cpp">
      <Filter>98.Default\ImGui</Filter>
    </ClCompile>
    <ClCompile Include="ImGui\imgui_widgets.cpp">
      <Filter>98.Default\ImGui</Filter>
    </ClCompile>
    <ClCompile Include="ImGui\ImGuizmo.cpp">
      <Filter>98.Default\ImGui</Filter>
    </ClCompile>
    <ClCompile Include="..\private\UI.cpp">
      <Filter>02.GameObjects\00.UI</Filter>
    </ClCompile>
    <ClCompile Include="..\private\Button.cpp">
      <Filter>02.GameObjects\00.UI\01.Button</Filter>
    </ClCompile>
    <ClCompile Include="..\private\Terrain.cpp">
      <Filter>02.GameObjects\01.Terrain</Filter>
    </ClCompile>
    <ClCompile Include="ImGui\ImGuiFileDialog.cpp">
      <Filter>98.Default\ImGui</Filter>
    </ClCompile>
    <ClCompile Include="..\private\Camera_Free.cpp">
      <Filter>02.GameObjects\02.Camera</Filter>
    </ClCompile>
    <ClCompile Include="..\private\Monster.cpp">
      <Filter>02.GameObjects\03.Monsters</Filter>
    </ClCompile>
    <ClCompile Include="..\private\Boss.cpp">
      <Filter>02.GameObjects\03.Monsters\Boss</Filter>
    </ClCompile>
    <ClCompile Include="..\private\SpiderTank.cpp">
      <Filter>02.GameObjects\03.Monsters\Boss\SpiderTank</Filter>
    </ClCompile>
    <ClCompile Include="..\private\Map.cpp">
      <Filter>02.GameObjects\04.Map</Filter>
    </ClCompile>
    <ClCompile Include="..\private\Courtyard.cpp">
      <Filter>02.GameObjects\04.Map\00.Courtyard</Filter>
    </ClCompile>
    <ClCompile Include="..\private\Tool.cpp">
      <Filter>03.Tools</Filter>
    </ClCompile>
    <ClCompile Include="..\private\MapTool.cpp">
      <Filter>03.Tools\00. MapTool</Filter>
    </ClCompile>
    <ClCompile Include="..\private\Arena.cpp">
      <Filter>02.GameObjects\04.Map\02.Arena</Filter>
    </ClCompile>
    <ClCompile Include="..\private\Main.cpp">
      <Filter>02.GameObjects\04.Map\01.Main</Filter>
    </ClCompile>
    <ClCompile Include="..\private\Environment_Object.cpp">
      <Filter>02.GameObjects\05.Environment_Objects</Filter>
    </ClCompile>
    <ClCompile Include="..\private\Grass.cpp">
      <Filter>02.GameObjects\05.Environment_Objects\00.Grass</Filter>
    </ClCompile>
    <ClCompile Include="..\private\Bush.cpp">
      <Filter>02.GameObjects\05.Environment_Objects\01.Bush</Filter>
    </ClCompile>
    <ClCompile Include="..\private\CheckPoint.cpp">
      <Filter>02.GameObjects\05.Environment_Objects\02.CheckPoint</Filter>
    </ClCompile>
    <ClCompile Include="..\private\Shop.cpp">
      <Filter>02.GameObjects\04.Map\03.Shop</Filter>
    </ClCompile>
    <ClCompile Include="..\Private\Level_Courtyard.cpp">
      <Filter>01.Levels\00.Courtyard</Filter>
    </ClCompile>
    <ClCompile Include="..\private\Level_Main.cpp">
      <Filter>01.Levels\01.Main</Filter>
    </ClCompile>
    <ClCompile Include="..\private\Level_Arena.cpp">
      <Filter>01.Levels\02.Arena</Filter>
    </ClCompile>
    <ClCompile Include="..\private\Level_Shop.cpp">
      <Filter>01.Levels\03.Shop</Filter>
    </ClCompile>
    <ClCompile Include="..\private\Pawn.cpp">
      <Filter>02.GameObjects\06.Pawn</Filter>
    </ClCompile>
    <ClCompile Include="..\private\Player.cpp">
      <Filter>02.GameObjects\06.Pawn\Player</Filter>
    </ClCompile>
    <ClCompile Include="..\private\Blob.cpp">
      <Filter>02.GameObjects\03.Monsters\00. Blob</Filter>
    </ClCompile>
    <ClCompile Include="..\private\Chest.cpp">
      <Filter>02.GameObjects\05.Environment_Objects\04.Chest</Filter>
    </ClCompile>
    <ClCompile Include="..\private\Item.cpp">
      <Filter>02.GameObjects\07.Item</Filter>
    </ClCompile>
    <ClCompile Include="..\private\Potion.cpp">
      <Filter>02.GameObjects\07.Item\Item_Potion</Filter>
    </ClCompile>
    <ClCompile Include="..\Public\PlayerState_Idle.cpp">
      <Filter>02.GameObjects\06.Pawn\Player\Player_Idle</Filter>
    </ClCompile>
    <ClCompile Include="..\Public\PlayerState_Move.cpp">
      <Filter>02.GameObjects\06.Pawn\Player\Player_Move</Filter>
    </ClCompile>
    <ClCompile Include="..\Public\PlayerState_Dodge.cpp">
      <Filter>02.GameObjects\06.Pawn\Player\Player_Dodge</Filter>
    </ClCompile>
    <ClCompile Include="..\Public\PlayerState_Attack.cpp">
      <Filter>02.GameObjects\06.Pawn\Player\Player_Attack</Filter>
    </ClCompile>
    <ClCompile Include="..\Public\PlayerState_Hit.cpp">
      <Filter>02.GameObjects\06.Pawn\Player\Player_Hit</Filter>
    </ClCompile>
    <ClCompile Include="..\Public\PlayerState_Die.cpp">
      <Filter>02.GameObjects\06.Pawn\Player\Player_Die</Filter>
    </ClCompile>
  </ItemGroup>
  <ItemGroup>
    <FxCompile Include="..\Bin\ShaderFiles\Shader_VtxPosTex.hlsl">
      <Filter>97.ShaderFiles</Filter>
    </FxCompile>
    <FxCompile Include="..\Bin\ShaderFiles\Shader_VtxNorTex.hlsl">
      <Filter>97.ShaderFiles</Filter>
    </FxCompile>
    <FxCompile Include="..\Bin\ShaderFiles\Shader_VtxMesh.hlsl">
      <Filter>97.ShaderFiles</Filter>
    </FxCompile>
    <FxCompile Include="..\Bin\ShaderFiles\Shader_VtxAnimMesh.hlsl">
      <Filter>97.ShaderFiles</Filter>
    </FxCompile>
  </ItemGroup>
  <ItemGroup>
    <None Include="..\Bin\ShaderFiles\Engine_Shader_Defines.hlsli">
      <Filter>97.ShaderFiles</Filter>
    </None>
  </ItemGroup>
</Project>